// !$*UTF8*$!
{
	archiveVersion = 1;
	classes = {
	};
	objectVersion = 51;
	objects = {

/* Begin PBXBuildFile section */
		1F62D0918FFA566952CB18AB /* Pods_SwiftProject_SwiftProjectUITests.framework in Frameworks */ = {isa = PBXBuildFile; fileRef = 752279D3AF201F4BA08AF240 /* Pods_SwiftProject_SwiftProjectUITests.framework */; };
		3825789653B58C84A208BD2A /* Pods_SwiftProject.framework in Frameworks */ = {isa = PBXBuildFile; fileRef = 8316D11444038409B7DB2193 /* Pods_SwiftProject.framework */; };
		8D3CA1825FE472F96590456E /* Pods_SwiftProjectTests.framework in Frameworks */ = {isa = PBXBuildFile; fileRef = BDE06A7F8311EA8C1A1F5BAC /* Pods_SwiftProjectTests.framework */; };
		C00A005724420B39004B5152 /* CJKTModel.swift in Sources */ = {isa = PBXBuildFile; fileRef = C00A005624420B39004B5152 /* CJKTModel.swift */; };
		C01B51AC255E6BAB00634D2A /* CJKTUserDefaultViewController.swift in Sources */ = {isa = PBXBuildFile; fileRef = C01B51AB255E6BAB00634D2A /* CJKTUserDefaultViewController.swift */; };
		C01B51B3255EC44100634D2A /* CJKTJSONViewController.swift in Sources */ = {isa = PBXBuildFile; fileRef = C01B51B2255EC44100634D2A /* CJKTJSONViewController.swift */; };
		C01B51B8255EDE5200634D2A /* CJKTSaveModelDataViewController.swift in Sources */ = {isa = PBXBuildFile; fileRef = C01B51B7255EDE5200634D2A /* CJKTSaveModelDataViewController.swift */; };
		C01B51BA255EDEDB00634D2A /* WCDBManager.swift in Sources */ = {isa = PBXBuildFile; fileRef = C01B51B9255EDEDB00634D2A /* WCDBManager.swift */; };
		C01B51BC255EE10700634D2A /* LoginUserModel.swift in Sources */ = {isa = PBXBuildFile; fileRef = C01B51BB255EE10700634D2A /* LoginUserModel.swift */; };
		C01B51BE255EE5AA00634D2A /* GiftModel.swift in Sources */ = {isa = PBXBuildFile; fileRef = C01B51BD255EE5AA00634D2A /* GiftModel.swift */; };
		C0210413255D272B00C42B61 /* kHUD.swift in Sources */ = {isa = PBXBuildFile; fileRef = C0210412255D272B00C42B61 /* kHUD.swift */; };
		C0388EB0248F41C60055E9AC /* TwoTablevVewController.swift in Sources */ = {isa = PBXBuildFile; fileRef = C0388EAF248F41C60055E9AC /* TwoTablevVewController.swift */; };
		C0388EB2248F5BBF0055E9AC /* RightTableModel.swift in Sources */ = {isa = PBXBuildFile; fileRef = C0388EB1248F5BBF0055E9AC /* RightTableModel.swift */; };
		C0388EB4248F5C0E0055E9AC /* RightTableViewHeader.swift in Sources */ = {isa = PBXBuildFile; fileRef = C0388EB3248F5C0E0055E9AC /* RightTableViewHeader.swift */; };
		C0388EB6248F5D960055E9AC /* RightTableViewCell.swift in Sources */ = {isa = PBXBuildFile; fileRef = C0388EB5248F5D960055E9AC /* RightTableViewCell.swift */; };
		C0388EB8248F5FA30055E9AC /* LeftTableViewCell.swift in Sources */ = {isa = PBXBuildFile; fileRef = C0388EB7248F5FA30055E9AC /* LeftTableViewCell.swift */; };
		C0388EBC248F660C0055E9AC /* TabviewAndCollectionViewController.swift in Sources */ = {isa = PBXBuildFile; fileRef = C0388EBB248F660C0055E9AC /* TabviewAndCollectionViewController.swift */; };
		C0388EBE248F6A6B0055E9AC /* RightCollectionViewCell.swift in Sources */ = {isa = PBXBuildFile; fileRef = C0388EBD248F6A6B0055E9AC /* RightCollectionViewCell.swift */; };
		C0388EC0248F6B350055E9AC /* RightCollectionViewHeader.swift in Sources */ = {isa = PBXBuildFile; fileRef = C0388EBF248F6B350055E9AC /* RightCollectionViewHeader.swift */; };
		C0388EC2248F6B7F0055E9AC /* CollectionViewModel.swift in Sources */ = {isa = PBXBuildFile; fileRef = C0388EC1248F6B7F0055E9AC /* CollectionViewModel.swift */; };
		C0388EC5248F74D40055E9AC /* CJKTBaseTableViewController.swift in Sources */ = {isa = PBXBuildFile; fileRef = C0388EC4248F74D40055E9AC /* CJKTBaseTableViewController.swift */; };
		C0388EC7248F762B0055E9AC /* MyTableViewController.swift in Sources */ = {isa = PBXBuildFile; fileRef = C0388EC6248F762B0055E9AC /* MyTableViewController.swift */; };
		C0388EC9248F79070055E9AC /* MyTableViewCell.swift in Sources */ = {isa = PBXBuildFile; fileRef = C0388EC8248F79070055E9AC /* MyTableViewCell.swift */; };
		C040ACCD2489F3D60036F147 /* SGPageTitleViewConfigure.swift in Sources */ = {isa = PBXBuildFile; fileRef = C040ACC82489F3D60036F147 /* SGPageTitleViewConfigure.swift */; };
		C040ACCE2489F3D60036F147 /* SGPageTitleView.swift in Sources */ = {isa = PBXBuildFile; fileRef = C040ACC92489F3D60036F147 /* SGPageTitleView.swift */; };
		C040ACCF2489F3D60036F147 /* SGPageContentCollectionView.swift in Sources */ = {isa = PBXBuildFile; fileRef = C040ACCA2489F3D60036F147 /* SGPageContentCollectionView.swift */; };
		C040ACD02489F3D60036F147 /* SGPageViewPopGestureVC.swift in Sources */ = {isa = PBXBuildFile; fileRef = C040ACCB2489F3D60036F147 /* SGPageViewPopGestureVC.swift */; };
		C040ACD12489F3D60036F147 /* SGPageContentScrollView.swift in Sources */ = {isa = PBXBuildFile; fileRef = C040ACCC2489F3D60036F147 /* SGPageContentScrollView.swift */; };
		C04755582440526C00665E0C /* AppDelegate.swift in Sources */ = {isa = PBXBuildFile; fileRef = C04755572440526C00665E0C /* AppDelegate.swift */; };
		C047555A2440526C00665E0C /* SceneDelegate.swift in Sources */ = {isa = PBXBuildFile; fileRef = C04755592440526C00665E0C /* SceneDelegate.swift */; };
		C047555C2440526C00665E0C /* ViewController.swift in Sources */ = {isa = PBXBuildFile; fileRef = C047555B2440526C00665E0C /* ViewController.swift */; };
		C047555F2440526C00665E0C /* Main.storyboard in Resources */ = {isa = PBXBuildFile; fileRef = C047555D2440526C00665E0C /* Main.storyboard */; };
		C04755612440526E00665E0C /* Assets.xcassets in Resources */ = {isa = PBXBuildFile; fileRef = C04755602440526E00665E0C /* Assets.xcassets */; };
		C04755642440526E00665E0C /* LaunchScreen.storyboard in Resources */ = {isa = PBXBuildFile; fileRef = C04755622440526E00665E0C /* LaunchScreen.storyboard */; };
		C047556F2440526E00665E0C /* SwiftProjectTests.swift in Sources */ = {isa = PBXBuildFile; fileRef = C047556E2440526E00665E0C /* SwiftProjectTests.swift */; };
		C047557A2440526F00665E0C /* SwiftProjectUITests.swift in Sources */ = {isa = PBXBuildFile; fileRef = C04755792440526F00665E0C /* SwiftProjectUITests.swift */; };
		C0475591244064FC00665E0C /* GlobalConstants.swift in Sources */ = {isa = PBXBuildFile; fileRef = C0475590244064FC00665E0C /* GlobalConstants.swift */; };
		C0475593244066AE00665E0C /* UIColorExtensions.swift in Sources */ = {isa = PBXBuildFile; fileRef = C0475592244066AE00665E0C /* UIColorExtensions.swift */; };
		C0475595244066CA00665E0C /* UIViewExtensions.swift in Sources */ = {isa = PBXBuildFile; fileRef = C0475594244066CA00665E0C /* UIViewExtensions.swift */; };
		C0475597244066E500665E0C /* UIImageEXtensions.swift in Sources */ = {isa = PBXBuildFile; fileRef = C0475596244066E500665E0C /* UIImageEXtensions.swift */; };
		C04755992440670100665E0C /* StringExtensions.swift in Sources */ = {isa = PBXBuildFile; fileRef = C04755982440670100665E0C /* StringExtensions.swift */; };
		C04755A5244067B200665E0C /* UIViewControllerExtensions.swift in Sources */ = {isa = PBXBuildFile; fileRef = C04755A4244067B200665E0C /* UIViewControllerExtensions.swift */; };
		C04755A7244067FA00665E0C /* UIButtonExtensions.swift in Sources */ = {isa = PBXBuildFile; fileRef = C04755A6244067FA00665E0C /* UIButtonExtensions.swift */; };
		C04755AB2440688B00665E0C /* Tools.m in Sources */ = {isa = PBXBuildFile; fileRef = C04755AA2440688B00665E0C /* Tools.m */; };
		C04755AD24406E0600665E0C /* CJKTBaseViewController.swift in Sources */ = {isa = PBXBuildFile; fileRef = C04755AC24406E0600665E0C /* CJKTBaseViewController.swift */; };
		C04755AF24406E2900665E0C /* CJKTTabBarController.swift in Sources */ = {isa = PBXBuildFile; fileRef = C04755AE24406E2900665E0C /* CJKTTabBarController.swift */; };
		C04755B124406E4100665E0C /* CJKTNavigationController.swift in Sources */ = {isa = PBXBuildFile; fileRef = C04755B024406E4100665E0C /* CJKTNavigationController.swift */; };
		C047FA96244302ED00A8FFB5 /* CJKTTableViewHeaderFooterView.swift in Sources */ = {isa = PBXBuildFile; fileRef = C047FA95244302ED00A8FFB5 /* CJKTTableViewHeaderFooterView.swift */; };
		C047FA98244303C800A8FFB5 /* CJKTBaseCollectionViewCell.swift in Sources */ = {isa = PBXBuildFile; fileRef = C047FA97244303C800A8FFB5 /* CJKTBaseCollectionViewCell.swift */; };
		C047FA9A2443048300A8FFB5 /* CJKTBaseTableViewCell.swift in Sources */ = {isa = PBXBuildFile; fileRef = C047FA992443048300A8FFB5 /* CJKTBaseTableViewCell.swift */; };
		C047FA9C2443051F00A8FFB5 /* CJKTBaseCollectionReusableView.swift in Sources */ = {isa = PBXBuildFile; fileRef = C047FA9B2443051F00A8FFB5 /* CJKTBaseCollectionReusableView.swift */; };
		C047FA9E2443061700A8FFB5 /* CJKTRefresh.swift in Sources */ = {isa = PBXBuildFile; fileRef = C047FA9D2443061700A8FFB5 /* CJKTRefresh.swift */; };
		C047FAA02443071800A8FFB5 /* CJKTEmptyView.swift in Sources */ = {isa = PBXBuildFile; fileRef = C047FA9F2443071800A8FFB5 /* CJKTEmptyView.swift */; };
		C0656FAA252353890028F739 /* UISearchBarExtension.swift in Sources */ = {isa = PBXBuildFile; fileRef = C0656FA9252353890028F739 /* UISearchBarExtension.swift */; };
		C067985B2459226200968729 /* CJKTPhoneViewController.swift in Sources */ = {isa = PBXBuildFile; fileRef = C067985A2459226200968729 /* CJKTPhoneViewController.swift */; };
		C067985D24592EE400968729 /* CJKTAuthorizeUtils.swift in Sources */ = {isa = PBXBuildFile; fileRef = C067985C24592EE400968729 /* CJKTAuthorizeUtils.swift */; };
		C06B45EF24580385000E659C /* NotificationCenterExtensions.swift in Sources */ = {isa = PBXBuildFile; fileRef = C06B45EE24580385000E659C /* NotificationCenterExtensions.swift */; };
		C07BBE372441509100920CA8 /* CJKTAPI.swift in Sources */ = {isa = PBXBuildFile; fileRef = C07BBE362441509100920CA8 /* CJKTAPI.swift */; };
		C0936719255A9529004EDBEC /* kNotificationsStr.swift in Sources */ = {isa = PBXBuildFile; fileRef = C0936718255A9529004EDBEC /* kNotificationsStr.swift */; };
		C093671B255A964E004EDBEC /* LocalizationManger.swift in Sources */ = {isa = PBXBuildFile; fileRef = C093671A255A964E004EDBEC /* LocalizationManger.swift */; };
		C093671F255A990D004EDBEC /* CJKTSelectLanguageViewController.swift in Sources */ = {isa = PBXBuildFile; fileRef = C093671E255A990D004EDBEC /* CJKTSelectLanguageViewController.swift */; };
		C0936721255A9A00004EDBEC /* APPConfig.swift in Sources */ = {isa = PBXBuildFile; fileRef = C0936720255A9A00004EDBEC /* APPConfig.swift */; };
		C09447CA2440A9DA001E43D7 /* CJKTJsonUtil.swift in Sources */ = {isa = PBXBuildFile; fileRef = C09447C92440A9DA001E43D7 /* CJKTJsonUtil.swift */; };
		C09447CC2440AA4B001E43D7 /* CJKTBaseModel.swift in Sources */ = {isa = PBXBuildFile; fileRef = C09447CB2440AA4B001E43D7 /* CJKTBaseModel.swift */; };
		C09447CE2440B491001E43D7 /* CJKTHomeViewController.swift in Sources */ = {isa = PBXBuildFile; fileRef = C09447CD2440B491001E43D7 /* CJKTHomeViewController.swift */; };
		C09447D02440B4A3001E43D7 /* CJKTSecondViewController.swift in Sources */ = {isa = PBXBuildFile; fileRef = C09447CF2440B4A3001E43D7 /* CJKTSecondViewController.swift */; };
		C09447D22440B4AF001E43D7 /* CJKTThirdViewController.swift in Sources */ = {isa = PBXBuildFile; fileRef = C09447D12440B4AF001E43D7 /* CJKTThirdViewController.swift */; };
		C09447D42440B4BC001E43D7 /* CJKTFourViewController.swift in Sources */ = {isa = PBXBuildFile; fileRef = C09447D32440B4BC001E43D7 /* CJKTFourViewController.swift */; };
		C09F138B245672AF0018D2BB /* UITxtFieldExtensions.swift in Sources */ = {isa = PBXBuildFile; fileRef = C09F138A245672AF0018D2BB /* UITxtFieldExtensions.swift */; };
		C09F138D245673140018D2BB /* UITextViewExtensions.swift in Sources */ = {isa = PBXBuildFile; fileRef = C09F138C245673140018D2BB /* UITextViewExtensions.swift */; };
		C09F138F245696BB0018D2BB /* CJKTHomeTableViewCell.swift in Sources */ = {isa = PBXBuildFile; fileRef = C09F138E245696BB0018D2BB /* CJKTHomeTableViewCell.swift */; };
		C09F13922456BB820018D2BB /* CJKTLoginViewController.swift in Sources */ = {isa = PBXBuildFile; fileRef = C09F13912456BB820018D2BB /* CJKTLoginViewController.swift */; };
		C09F76A92562C74600F656E9 /* LoginManager.swift in Sources */ = {isa = PBXBuildFile; fileRef = C09F76A82562C74600F656E9 /* LoginManager.swift */; };
		C09F76AD2562D23300F656E9 /* CJKTCustomAlertViewViewController.swift in Sources */ = {isa = PBXBuildFile; fileRef = C09F76AC2562D23300F656E9 /* CJKTCustomAlertViewViewController.swift */; };
		C0A39F3F2514DAD4002DE6FA /* KeychainItem.swift in Sources */ = {isa = PBXBuildFile; fileRef = C0A39F3E2514DAD4002DE6FA /* KeychainItem.swift */; };
		C0A39F442514DD26002DE6FA /* CustomEmptyView.swift in Sources */ = {isa = PBXBuildFile; fileRef = C0A39F432514DD26002DE6FA /* CustomEmptyView.swift */; };
		C0B573072445488E00445EC7 /* SnapKitExtension.swift in Sources */ = {isa = PBXBuildFile; fileRef = C0B573062445488E00445EC7 /* SnapKitExtension.swift */; };
		C0B573092445497700445EC7 /* DateExtensions.swift in Sources */ = {isa = PBXBuildFile; fileRef = C0B573082445497700445EC7 /* DateExtensions.swift */; };
		C0B5730B24454BEB00445EC7 /* NSAttributedStringExtensions.swift in Sources */ = {isa = PBXBuildFile; fileRef = C0B5730A24454BEB00445EC7 /* NSAttributedStringExtensions.swift */; };
		C0B5730D24454E9B00445EC7 /* UILabelExtensions.swift in Sources */ = {isa = PBXBuildFile; fileRef = C0B5730C24454E9B00445EC7 /* UILabelExtensions.swift */; };
		C0C10455251C86B700EBB82F /* CZBDBManager.swift in Sources */ = {isa = PBXBuildFile; fileRef = C0C10450251C86B700EBB82F /* CZBDBManager.swift */; };
		C0C10456251C86B700EBB82F /* CZBKeyChain.swift in Sources */ = {isa = PBXBuildFile; fileRef = C0C10451251C86B700EBB82F /* CZBKeyChain.swift */; };
		C0C10457251C86B700EBB82F /* CZBWCDBProtocol.swift in Sources */ = {isa = PBXBuildFile; fileRef = C0C10452251C86B700EBB82F /* CZBWCDBProtocol.swift */; };
		C0C10458251C86B700EBB82F /* kUserDefaultsTool.swift in Sources */ = {isa = PBXBuildFile; fileRef = C0C10453251C86B700EBB82F /* kUserDefaultsTool.swift */; };
		C0C10459251C86B700EBB82F /* CZBFileManager.swift in Sources */ = {isa = PBXBuildFile; fileRef = C0C10454251C86B700EBB82F /* CZBFileManager.swift */; };
		C0C737A2245B0F8600C0E7F1 /* CJKTPhotoBrowseViewController.swift in Sources */ = {isa = PBXBuildFile; fileRef = C0C737A1245B0F8600C0E7F1 /* CJKTPhotoBrowseViewController.swift */; };
		C0C737A4245B0FE100C0E7F1 /* CJKTPhotoBrowserCell.swift in Sources */ = {isa = PBXBuildFile; fileRef = C0C737A3245B0FE100C0E7F1 /* CJKTPhotoBrowserCell.swift */; };
		C0C914F92512F9BE001EA377 /* CJKTMoyaAPIProvider.swift in Sources */ = {isa = PBXBuildFile; fileRef = C0C914F72512F9BE001EA377 /* CJKTMoyaAPIProvider.swift */; };
		C0C914FA2512F9BE001EA377 /* CJKTMoyaManager.swift in Sources */ = {isa = PBXBuildFile; fileRef = C0C914F82512F9BE001EA377 /* CJKTMoyaManager.swift */; };
		C0C9150225133127001EA377 /* kTool.swift in Sources */ = {isa = PBXBuildFile; fileRef = C0C9150125133127001EA377 /* kTool.swift */; };
		C0C9150D2513AD27001EA377 /* CJKTCornerView.swift in Sources */ = {isa = PBXBuildFile; fileRef = C0C9150C2513AD27001EA377 /* CJKTCornerView.swift */; };
		C0CE9BC72443F34C00DC39EC /* CJKTSecondCollectionCell.swift in Sources */ = {isa = PBXBuildFile; fileRef = C0CE9BC62443F34C00DC39EC /* CJKTSecondCollectionCell.swift */; };
		C0CE9BC92443F47D00DC39EC /* CJKTSecondCollectionReusableView.swift in Sources */ = {isa = PBXBuildFile; fileRef = C0CE9BC82443F47D00DC39EC /* CJKTSecondCollectionReusableView.swift */; };
		C0D4E0D12557F56B00295459 /* R.generated.swift in Sources */ = {isa = PBXBuildFile; fileRef = C0D4E0D02557F56B00295459 /* R.generated.swift */; };
		C0D4E0D42557F72200295459 /* CJKTUesRSwiftViewController.swift in Sources */ = {isa = PBXBuildFile; fileRef = C0D4E0D32557F72200295459 /* CJKTUesRSwiftViewController.swift */; };
		C0D4E0D62557F83600295459 /* endVoice.wav in Resources */ = {isa = PBXBuildFile; fileRef = C0D4E0D52557F83600295459 /* endVoice.wav */; };
		C0D4E0DB2557F99700295459 /* InfoPlist.strings in Resources */ = {isa = PBXBuildFile; fileRef = C0D4E0DD2557F99700295459 /* InfoPlist.strings */; };
		C0D4E0E02557FE7400295459 /* kUserDefault.swift in Sources */ = {isa = PBXBuildFile; fileRef = C0D4E0DF2557FE7400295459 /* kUserDefault.swift */; };
		C0ECAC5E2514D1AF00315E15 /* CustomPopView.swift in Sources */ = {isa = PBXBuildFile; fileRef = C0ECAC5D2514D1AF00315E15 /* CustomPopView.swift */; };
		C0F45590248E291100A9DF15 /* MD5Extension.swift in Sources */ = {isa = PBXBuildFile; fileRef = C0F4558F248E291100A9DF15 /* MD5Extension.swift */; };
		C0F45592248E345E00A9DF15 /* KingfisherExtension.swift in Sources */ = {isa = PBXBuildFile; fileRef = C0F45591248E345E00A9DF15 /* KingfisherExtension.swift */; };
		C0FF7FED246BC46800967F17 /* CJKTAlertTipView.swift in Sources */ = {isa = PBXBuildFile; fileRef = C0FF7FEC246BC46800967F17 /* CJKTAlertTipView.swift */; };
		C0FF7FEF246BCAD400967F17 /* CJKTAlertProtocol.swift in Sources */ = {isa = PBXBuildFile; fileRef = C0FF7FEE246BCAD400967F17 /* CJKTAlertProtocol.swift */; };
		C0FF7FF1246BCC2900967F17 /* CJKTAlertCustomView.swift in Sources */ = {isa = PBXBuildFile; fileRef = C0FF7FF0246BCC2900967F17 /* CJKTAlertCustomView.swift */; };
		C0FF7FF4246BE65400967F17 /* CJKTAlertController.swift in Sources */ = {isa = PBXBuildFile; fileRef = C0FF7FF3246BE65400967F17 /* CJKTAlertController.swift */; };
/* End PBXBuildFile section */

/* Begin PBXContainerItemProxy section */
		C047556B2440526E00665E0C /* PBXContainerItemProxy */ = {
			isa = PBXContainerItemProxy;
			containerPortal = C047554C2440526C00665E0C /* Project object */;
			proxyType = 1;
			remoteGlobalIDString = C04755532440526C00665E0C;
			remoteInfo = SwiftProject;
		};
		C04755762440526F00665E0C /* PBXContainerItemProxy */ = {
			isa = PBXContainerItemProxy;
			containerPortal = C047554C2440526C00665E0C /* Project object */;
			proxyType = 1;
			remoteGlobalIDString = C04755532440526C00665E0C;
			remoteInfo = SwiftProject;
		};
/* End PBXContainerItemProxy section */

/* Begin PBXFileReference section */
		0C1D835333D41F6AE6A028CF /* Pods-SwiftProject.debug.xcconfig */ = {isa = PBXFileReference; includeInIndex = 1; lastKnownFileType = text.xcconfig; name = "Pods-SwiftProject.debug.xcconfig"; path = "Target Support Files/Pods-SwiftProject/Pods-SwiftProject.debug.xcconfig"; sourceTree = "<group>"; };
		209989D6438A38D0671398D6 /* Pods-SwiftProjectTests.debug.xcconfig */ = {isa = PBXFileReference; includeInIndex = 1; lastKnownFileType = text.xcconfig; name = "Pods-SwiftProjectTests.debug.xcconfig"; path = "Target Support Files/Pods-SwiftProjectTests/Pods-SwiftProjectTests.debug.xcconfig"; sourceTree = "<group>"; };
		752279D3AF201F4BA08AF240 /* Pods_SwiftProject_SwiftProjectUITests.framework */ = {isa = PBXFileReference; explicitFileType = wrapper.framework; includeInIndex = 0; path = Pods_SwiftProject_SwiftProjectUITests.framework; sourceTree = BUILT_PRODUCTS_DIR; };
		7B02D1D6DC02271F981B59E6 /* Pods-SwiftProject-SwiftProjectUITests.debug.xcconfig */ = {isa = PBXFileReference; includeInIndex = 1; lastKnownFileType = text.xcconfig; name = "Pods-SwiftProject-SwiftProjectUITests.debug.xcconfig"; path = "Target Support Files/Pods-SwiftProject-SwiftProjectUITests/Pods-SwiftProject-SwiftProjectUITests.debug.xcconfig"; sourceTree = "<group>"; };
		8316D11444038409B7DB2193 /* Pods_SwiftProject.framework */ = {isa = PBXFileReference; explicitFileType = wrapper.framework; includeInIndex = 0; path = Pods_SwiftProject.framework; sourceTree = BUILT_PRODUCTS_DIR; };
		A2431F2B2D868A81BC13D281 /* Pods-SwiftProject.release.xcconfig */ = {isa = PBXFileReference; includeInIndex = 1; lastKnownFileType = text.xcconfig; name = "Pods-SwiftProject.release.xcconfig"; path = "Target Support Files/Pods-SwiftProject/Pods-SwiftProject.release.xcconfig"; sourceTree = "<group>"; };
		BDE06A7F8311EA8C1A1F5BAC /* Pods_SwiftProjectTests.framework */ = {isa = PBXFileReference; explicitFileType = wrapper.framework; includeInIndex = 0; path = Pods_SwiftProjectTests.framework; sourceTree = BUILT_PRODUCTS_DIR; };
		C00A005624420B39004B5152 /* CJKTModel.swift */ = {isa = PBXFileReference; lastKnownFileType = sourcecode.swift; path = CJKTModel.swift; sourceTree = "<group>"; };
		C01B51AB255E6BAB00634D2A /* CJKTUserDefaultViewController.swift */ = {isa = PBXFileReference; lastKnownFileType = sourcecode.swift; path = CJKTUserDefaultViewController.swift; sourceTree = "<group>"; };
		C01B51B2255EC44100634D2A /* CJKTJSONViewController.swift */ = {isa = PBXFileReference; lastKnownFileType = sourcecode.swift; path = CJKTJSONViewController.swift; sourceTree = "<group>"; };
		C01B51B7255EDE5200634D2A /* CJKTSaveModelDataViewController.swift */ = {isa = PBXFileReference; lastKnownFileType = sourcecode.swift; path = CJKTSaveModelDataViewController.swift; sourceTree = "<group>"; };
		C01B51B9255EDEDB00634D2A /* WCDBManager.swift */ = {isa = PBXFileReference; lastKnownFileType = sourcecode.swift; path = WCDBManager.swift; sourceTree = "<group>"; };
		C01B51BB255EE10700634D2A /* LoginUserModel.swift */ = {isa = PBXFileReference; lastKnownFileType = sourcecode.swift; path = LoginUserModel.swift; sourceTree = "<group>"; };
		C01B51BD255EE5AA00634D2A /* GiftModel.swift */ = {isa = PBXFileReference; lastKnownFileType = sourcecode.swift; path = GiftModel.swift; sourceTree = "<group>"; };
		C0210412255D272B00C42B61 /* kHUD.swift */ = {isa = PBXFileReference; fileEncoding = 4; lastKnownFileType = sourcecode.swift; path = kHUD.swift; sourceTree = "<group>"; };
		C0388EAF248F41C60055E9AC /* TwoTablevVewController.swift */ = {isa = PBXFileReference; lastKnownFileType = sourcecode.swift; path = TwoTablevVewController.swift; sourceTree = "<group>"; };
		C0388EB1248F5BBF0055E9AC /* RightTableModel.swift */ = {isa = PBXFileReference; lastKnownFileType = sourcecode.swift; path = RightTableModel.swift; sourceTree = "<group>"; };
		C0388EB3248F5C0E0055E9AC /* RightTableViewHeader.swift */ = {isa = PBXFileReference; lastKnownFileType = sourcecode.swift; path = RightTableViewHeader.swift; sourceTree = "<group>"; };
		C0388EB5248F5D960055E9AC /* RightTableViewCell.swift */ = {isa = PBXFileReference; lastKnownFileType = sourcecode.swift; path = RightTableViewCell.swift; sourceTree = "<group>"; };
		C0388EB7248F5FA30055E9AC /* LeftTableViewCell.swift */ = {isa = PBXFileReference; lastKnownFileType = sourcecode.swift; path = LeftTableViewCell.swift; sourceTree = "<group>"; };
		C0388EBB248F660C0055E9AC /* TabviewAndCollectionViewController.swift */ = {isa = PBXFileReference; lastKnownFileType = sourcecode.swift; path = TabviewAndCollectionViewController.swift; sourceTree = "<group>"; };
		C0388EBD248F6A6B0055E9AC /* RightCollectionViewCell.swift */ = {isa = PBXFileReference; lastKnownFileType = sourcecode.swift; path = RightCollectionViewCell.swift; sourceTree = "<group>"; };
		C0388EBF248F6B350055E9AC /* RightCollectionViewHeader.swift */ = {isa = PBXFileReference; lastKnownFileType = sourcecode.swift; path = RightCollectionViewHeader.swift; sourceTree = "<group>"; };
		C0388EC1248F6B7F0055E9AC /* CollectionViewModel.swift */ = {isa = PBXFileReference; lastKnownFileType = sourcecode.swift; path = CollectionViewModel.swift; sourceTree = "<group>"; };
		C0388EC4248F74D40055E9AC /* CJKTBaseTableViewController.swift */ = {isa = PBXFileReference; lastKnownFileType = sourcecode.swift; path = CJKTBaseTableViewController.swift; sourceTree = "<group>"; };
		C0388EC6248F762B0055E9AC /* MyTableViewController.swift */ = {isa = PBXFileReference; lastKnownFileType = sourcecode.swift; path = MyTableViewController.swift; sourceTree = "<group>"; };
		C0388EC8248F79070055E9AC /* MyTableViewCell.swift */ = {isa = PBXFileReference; lastKnownFileType = sourcecode.swift; path = MyTableViewCell.swift; sourceTree = "<group>"; };
		C040ACC82489F3D60036F147 /* SGPageTitleViewConfigure.swift */ = {isa = PBXFileReference; fileEncoding = 4; lastKnownFileType = sourcecode.swift; path = SGPageTitleViewConfigure.swift; sourceTree = "<group>"; };
		C040ACC92489F3D60036F147 /* SGPageTitleView.swift */ = {isa = PBXFileReference; fileEncoding = 4; lastKnownFileType = sourcecode.swift; path = SGPageTitleView.swift; sourceTree = "<group>"; };
		C040ACCA2489F3D60036F147 /* SGPageContentCollectionView.swift */ = {isa = PBXFileReference; fileEncoding = 4; lastKnownFileType = sourcecode.swift; path = SGPageContentCollectionView.swift; sourceTree = "<group>"; };
		C040ACCB2489F3D60036F147 /* SGPageViewPopGestureVC.swift */ = {isa = PBXFileReference; fileEncoding = 4; lastKnownFileType = sourcecode.swift; path = SGPageViewPopGestureVC.swift; sourceTree = "<group>"; };
		C040ACCC2489F3D60036F147 /* SGPageContentScrollView.swift */ = {isa = PBXFileReference; fileEncoding = 4; lastKnownFileType = sourcecode.swift; path = SGPageContentScrollView.swift; sourceTree = "<group>"; };
		C04755542440526C00665E0C /* SwiftProject.app */ = {isa = PBXFileReference; explicitFileType = wrapper.application; includeInIndex = 0; path = SwiftProject.app; sourceTree = BUILT_PRODUCTS_DIR; };
		C04755572440526C00665E0C /* AppDelegate.swift */ = {isa = PBXFileReference; lastKnownFileType = sourcecode.swift; path = AppDelegate.swift; sourceTree = "<group>"; };
		C04755592440526C00665E0C /* SceneDelegate.swift */ = {isa = PBXFileReference; lastKnownFileType = sourcecode.swift; path = SceneDelegate.swift; sourceTree = "<group>"; };
		C047555B2440526C00665E0C /* ViewController.swift */ = {isa = PBXFileReference; lastKnownFileType = sourcecode.swift; path = ViewController.swift; sourceTree = "<group>"; };
		C047555E2440526C00665E0C /* Base */ = {isa = PBXFileReference; lastKnownFileType = file.storyboard; name = Base; path = Base.lproj/Main.storyboard; sourceTree = "<group>"; };
		C04755602440526E00665E0C /* Assets.xcassets */ = {isa = PBXFileReference; lastKnownFileType = folder.assetcatalog; path = Assets.xcassets; sourceTree = "<group>"; };
		C04755632440526E00665E0C /* Base */ = {isa = PBXFileReference; lastKnownFileType = file.storyboard; name = Base; path = Base.lproj/LaunchScreen.storyboard; sourceTree = "<group>"; };
		C04755652440526E00665E0C /* Info.plist */ = {isa = PBXFileReference; lastKnownFileType = text.plist.xml; path = Info.plist; sourceTree = "<group>"; };
		C047556A2440526E00665E0C /* SwiftProjectTests.xctest */ = {isa = PBXFileReference; explicitFileType = wrapper.cfbundle; includeInIndex = 0; path = SwiftProjectTests.xctest; sourceTree = BUILT_PRODUCTS_DIR; };
		C047556E2440526E00665E0C /* SwiftProjectTests.swift */ = {isa = PBXFileReference; lastKnownFileType = sourcecode.swift; path = SwiftProjectTests.swift; sourceTree = "<group>"; };
		C04755702440526F00665E0C /* Info.plist */ = {isa = PBXFileReference; lastKnownFileType = text.plist.xml; path = Info.plist; sourceTree = "<group>"; };
		C04755752440526F00665E0C /* SwiftProjectUITests.xctest */ = {isa = PBXFileReference; explicitFileType = wrapper.cfbundle; includeInIndex = 0; path = SwiftProjectUITests.xctest; sourceTree = BUILT_PRODUCTS_DIR; };
		C04755792440526F00665E0C /* SwiftProjectUITests.swift */ = {isa = PBXFileReference; lastKnownFileType = sourcecode.swift; path = SwiftProjectUITests.swift; sourceTree = "<group>"; };
		C047557B2440526F00665E0C /* Info.plist */ = {isa = PBXFileReference; lastKnownFileType = text.plist.xml; path = Info.plist; sourceTree = "<group>"; };
		C0475590244064FC00665E0C /* GlobalConstants.swift */ = {isa = PBXFileReference; lastKnownFileType = sourcecode.swift; path = GlobalConstants.swift; sourceTree = "<group>"; };
		C0475592244066AE00665E0C /* UIColorExtensions.swift */ = {isa = PBXFileReference; lastKnownFileType = sourcecode.swift; path = UIColorExtensions.swift; sourceTree = "<group>"; };
		C0475594244066CA00665E0C /* UIViewExtensions.swift */ = {isa = PBXFileReference; lastKnownFileType = sourcecode.swift; path = UIViewExtensions.swift; sourceTree = "<group>"; };
		C0475596244066E500665E0C /* UIImageEXtensions.swift */ = {isa = PBXFileReference; lastKnownFileType = sourcecode.swift; path = UIImageEXtensions.swift; sourceTree = "<group>"; };
		C04755982440670100665E0C /* StringExtensions.swift */ = {isa = PBXFileReference; lastKnownFileType = sourcecode.swift; path = StringExtensions.swift; sourceTree = "<group>"; };
		C04755A4244067B200665E0C /* UIViewControllerExtensions.swift */ = {isa = PBXFileReference; lastKnownFileType = sourcecode.swift; path = UIViewControllerExtensions.swift; sourceTree = "<group>"; };
		C04755A6244067FA00665E0C /* UIButtonExtensions.swift */ = {isa = PBXFileReference; lastKnownFileType = sourcecode.swift; path = UIButtonExtensions.swift; sourceTree = "<group>"; };
		C04755A82440688A00665E0C /* SwiftProject-Bridging-Header.h */ = {isa = PBXFileReference; lastKnownFileType = sourcecode.c.h; path = "SwiftProject-Bridging-Header.h"; sourceTree = "<group>"; };
		C04755A92440688B00665E0C /* Tools.h */ = {isa = PBXFileReference; lastKnownFileType = sourcecode.c.h; path = Tools.h; sourceTree = "<group>"; };
		C04755AA2440688B00665E0C /* Tools.m */ = {isa = PBXFileReference; lastKnownFileType = sourcecode.c.objc; path = Tools.m; sourceTree = "<group>"; };
		C04755AC24406E0600665E0C /* CJKTBaseViewController.swift */ = {isa = PBXFileReference; lastKnownFileType = sourcecode.swift; path = CJKTBaseViewController.swift; sourceTree = "<group>"; };
		C04755AE24406E2900665E0C /* CJKTTabBarController.swift */ = {isa = PBXFileReference; lastKnownFileType = sourcecode.swift; path = CJKTTabBarController.swift; sourceTree = "<group>"; };
		C04755B024406E4100665E0C /* CJKTNavigationController.swift */ = {isa = PBXFileReference; lastKnownFileType = sourcecode.swift; path = CJKTNavigationController.swift; sourceTree = "<group>"; };
		C047FA95244302ED00A8FFB5 /* CJKTTableViewHeaderFooterView.swift */ = {isa = PBXFileReference; lastKnownFileType = sourcecode.swift; path = CJKTTableViewHeaderFooterView.swift; sourceTree = "<group>"; };
		C047FA97244303C800A8FFB5 /* CJKTBaseCollectionViewCell.swift */ = {isa = PBXFileReference; lastKnownFileType = sourcecode.swift; path = CJKTBaseCollectionViewCell.swift; sourceTree = "<group>"; };
		C047FA992443048300A8FFB5 /* CJKTBaseTableViewCell.swift */ = {isa = PBXFileReference; lastKnownFileType = sourcecode.swift; path = CJKTBaseTableViewCell.swift; sourceTree = "<group>"; };
		C047FA9B2443051F00A8FFB5 /* CJKTBaseCollectionReusableView.swift */ = {isa = PBXFileReference; lastKnownFileType = sourcecode.swift; path = CJKTBaseCollectionReusableView.swift; sourceTree = "<group>"; };
		C047FA9D2443061700A8FFB5 /* CJKTRefresh.swift */ = {isa = PBXFileReference; lastKnownFileType = sourcecode.swift; path = CJKTRefresh.swift; sourceTree = "<group>"; };
		C047FA9F2443071800A8FFB5 /* CJKTEmptyView.swift */ = {isa = PBXFileReference; lastKnownFileType = sourcecode.swift; path = CJKTEmptyView.swift; sourceTree = "<group>"; };
		C0656FA9252353890028F739 /* UISearchBarExtension.swift */ = {isa = PBXFileReference; fileEncoding = 4; lastKnownFileType = sourcecode.swift; path = UISearchBarExtension.swift; sourceTree = "<group>"; };
		C067985A2459226200968729 /* CJKTPhoneViewController.swift */ = {isa = PBXFileReference; lastKnownFileType = sourcecode.swift; path = CJKTPhoneViewController.swift; sourceTree = "<group>"; };
		C067985C24592EE400968729 /* CJKTAuthorizeUtils.swift */ = {isa = PBXFileReference; fileEncoding = 4; lastKnownFileType = sourcecode.swift; path = CJKTAuthorizeUtils.swift; sourceTree = "<group>"; };
		C06B45EE24580385000E659C /* NotificationCenterExtensions.swift */ = {isa = PBXFileReference; lastKnownFileType = sourcecode.swift; path = NotificationCenterExtensions.swift; sourceTree = "<group>"; };
		C07BBE362441509100920CA8 /* CJKTAPI.swift */ = {isa = PBXFileReference; lastKnownFileType = sourcecode.swift; path = CJKTAPI.swift; sourceTree = "<group>"; };
		C0936718255A9529004EDBEC /* kNotificationsStr.swift */ = {isa = PBXFileReference; lastKnownFileType = sourcecode.swift; path = kNotificationsStr.swift; sourceTree = "<group>"; };
		C093671A255A964E004EDBEC /* LocalizationManger.swift */ = {isa = PBXFileReference; lastKnownFileType = sourcecode.swift; path = LocalizationManger.swift; sourceTree = "<group>"; };
		C093671E255A990D004EDBEC /* CJKTSelectLanguageViewController.swift */ = {isa = PBXFileReference; lastKnownFileType = sourcecode.swift; path = CJKTSelectLanguageViewController.swift; sourceTree = "<group>"; };
		C0936720255A9A00004EDBEC /* APPConfig.swift */ = {isa = PBXFileReference; lastKnownFileType = sourcecode.swift; path = APPConfig.swift; sourceTree = "<group>"; };
		C09447C92440A9DA001E43D7 /* CJKTJsonUtil.swift */ = {isa = PBXFileReference; lastKnownFileType = sourcecode.swift; path = CJKTJsonUtil.swift; sourceTree = "<group>"; };
		C09447CB2440AA4B001E43D7 /* CJKTBaseModel.swift */ = {isa = PBXFileReference; lastKnownFileType = sourcecode.swift; path = CJKTBaseModel.swift; sourceTree = "<group>"; };
		C09447CD2440B491001E43D7 /* CJKTHomeViewController.swift */ = {isa = PBXFileReference; lastKnownFileType = sourcecode.swift; path = CJKTHomeViewController.swift; sourceTree = "<group>"; };
		C09447CF2440B4A3001E43D7 /* CJKTSecondViewController.swift */ = {isa = PBXFileReference; lastKnownFileType = sourcecode.swift; path = CJKTSecondViewController.swift; sourceTree = "<group>"; };
		C09447D12440B4AF001E43D7 /* CJKTThirdViewController.swift */ = {isa = PBXFileReference; lastKnownFileType = sourcecode.swift; path = CJKTThirdViewController.swift; sourceTree = "<group>"; };
		C09447D32440B4BC001E43D7 /* CJKTFourViewController.swift */ = {isa = PBXFileReference; lastKnownFileType = sourcecode.swift; path = CJKTFourViewController.swift; sourceTree = "<group>"; };
		C09F138A245672AF0018D2BB /* UITxtFieldExtensions.swift */ = {isa = PBXFileReference; lastKnownFileType = sourcecode.swift; path = UITxtFieldExtensions.swift; sourceTree = "<group>"; };
		C09F138C245673140018D2BB /* UITextViewExtensions.swift */ = {isa = PBXFileReference; lastKnownFileType = sourcecode.swift; path = UITextViewExtensions.swift; sourceTree = "<group>"; };
		C09F138E245696BB0018D2BB /* CJKTHomeTableViewCell.swift */ = {isa = PBXFileReference; lastKnownFileType = sourcecode.swift; path = CJKTHomeTableViewCell.swift; sourceTree = "<group>"; };
		C09F13912456BB820018D2BB /* CJKTLoginViewController.swift */ = {isa = PBXFileReference; lastKnownFileType = sourcecode.swift; path = CJKTLoginViewController.swift; sourceTree = "<group>"; };
		C09F76A82562C74600F656E9 /* LoginManager.swift */ = {isa = PBXFileReference; lastKnownFileType = sourcecode.swift; path = LoginManager.swift; sourceTree = "<group>"; };
		C09F76AC2562D23300F656E9 /* CJKTCustomAlertViewViewController.swift */ = {isa = PBXFileReference; lastKnownFileType = sourcecode.swift; path = CJKTCustomAlertViewViewController.swift; sourceTree = "<group>"; };
		C0A39F3E2514DAD4002DE6FA /* KeychainItem.swift */ = {isa = PBXFileReference; fileEncoding = 4; lastKnownFileType = sourcecode.swift; path = KeychainItem.swift; sourceTree = "<group>"; };
		C0A39F432514DD26002DE6FA /* CustomEmptyView.swift */ = {isa = PBXFileReference; lastKnownFileType = sourcecode.swift; path = CustomEmptyView.swift; sourceTree = "<group>"; };
		C0AE7860255BB1AD00E3C278 /* tr */ = {isa = PBXFileReference; lastKnownFileType = text.plist.strings; name = tr; path = tr.lproj/Main.strings; sourceTree = "<group>"; };
		C0AE7861255BB1AD00E3C278 /* tr */ = {isa = PBXFileReference; lastKnownFileType = text.plist.strings; name = tr; path = tr.lproj/LaunchScreen.strings; sourceTree = "<group>"; };
		C0AE7862255BB1AD00E3C278 /* tr */ = {isa = PBXFileReference; lastKnownFileType = text.plist.strings; name = tr; path = tr.lproj/InfoPlist.strings; sourceTree = "<group>"; };
		C0AE7863255BB1B200E3C278 /* ar */ = {isa = PBXFileReference; lastKnownFileType = text.plist.strings; name = ar; path = ar.lproj/Main.strings; sourceTree = "<group>"; };
		C0AE7864255BB1B200E3C278 /* ar */ = {isa = PBXFileReference; lastKnownFileType = text.plist.strings; name = ar; path = ar.lproj/LaunchScreen.strings; sourceTree = "<group>"; };
		C0AE7865255BB1B200E3C278 /* ar */ = {isa = PBXFileReference; lastKnownFileType = text.plist.strings; name = ar; path = ar.lproj/InfoPlist.strings; sourceTree = "<group>"; };
		C0AE7866255BB1C300E3C278 /* id */ = {isa = PBXFileReference; lastKnownFileType = text.plist.strings; name = id; path = id.lproj/Main.strings; sourceTree = "<group>"; };
		C0AE7867255BB1C300E3C278 /* id */ = {isa = PBXFileReference; lastKnownFileType = text.plist.strings; name = id; path = id.lproj/LaunchScreen.strings; sourceTree = "<group>"; };
		C0AE7868255BB1C300E3C278 /* id */ = {isa = PBXFileReference; lastKnownFileType = text.plist.strings; name = id; path = id.lproj/InfoPlist.strings; sourceTree = "<group>"; };
		C0AE7869255BB1D400E3C278 /* hi */ = {isa = PBXFileReference; lastKnownFileType = text.plist.strings; name = hi; path = hi.lproj/Main.strings; sourceTree = "<group>"; };
		C0AE786A255BB1D400E3C278 /* hi */ = {isa = PBXFileReference; lastKnownFileType = text.plist.strings; name = hi; path = hi.lproj/LaunchScreen.strings; sourceTree = "<group>"; };
		C0AE786B255BB1D400E3C278 /* hi */ = {isa = PBXFileReference; lastKnownFileType = text.plist.strings; name = hi; path = hi.lproj/InfoPlist.strings; sourceTree = "<group>"; };
		C0B573062445488E00445EC7 /* SnapKitExtension.swift */ = {isa = PBXFileReference; fileEncoding = 4; lastKnownFileType = sourcecode.swift; path = SnapKitExtension.swift; sourceTree = "<group>"; };
		C0B573082445497700445EC7 /* DateExtensions.swift */ = {isa = PBXFileReference; lastKnownFileType = sourcecode.swift; path = DateExtensions.swift; sourceTree = "<group>"; };
		C0B5730A24454BEB00445EC7 /* NSAttributedStringExtensions.swift */ = {isa = PBXFileReference; lastKnownFileType = sourcecode.swift; path = NSAttributedStringExtensions.swift; sourceTree = "<group>"; };
		C0B5730C24454E9B00445EC7 /* UILabelExtensions.swift */ = {isa = PBXFileReference; lastKnownFileType = sourcecode.swift; path = UILabelExtensions.swift; sourceTree = "<group>"; };
		C0C10450251C86B700EBB82F /* CZBDBManager.swift */ = {isa = PBXFileReference; fileEncoding = 4; lastKnownFileType = sourcecode.swift; path = CZBDBManager.swift; sourceTree = "<group>"; };
		C0C10451251C86B700EBB82F /* CZBKeyChain.swift */ = {isa = PBXFileReference; fileEncoding = 4; lastKnownFileType = sourcecode.swift; path = CZBKeyChain.swift; sourceTree = "<group>"; };
		C0C10452251C86B700EBB82F /* CZBWCDBProtocol.swift */ = {isa = PBXFileReference; fileEncoding = 4; lastKnownFileType = sourcecode.swift; path = CZBWCDBProtocol.swift; sourceTree = "<group>"; };
		C0C10453251C86B700EBB82F /* kUserDefaultsTool.swift */ = {isa = PBXFileReference; fileEncoding = 4; lastKnownFileType = sourcecode.swift; path = kUserDefaultsTool.swift; sourceTree = "<group>"; };
		C0C10454251C86B700EBB82F /* CZBFileManager.swift */ = {isa = PBXFileReference; fileEncoding = 4; lastKnownFileType = sourcecode.swift; path = CZBFileManager.swift; sourceTree = "<group>"; };
		C0C737A1245B0F8600C0E7F1 /* CJKTPhotoBrowseViewController.swift */ = {isa = PBXFileReference; lastKnownFileType = sourcecode.swift; path = CJKTPhotoBrowseViewController.swift; sourceTree = "<group>"; };
		C0C737A3245B0FE100C0E7F1 /* CJKTPhotoBrowserCell.swift */ = {isa = PBXFileReference; lastKnownFileType = sourcecode.swift; path = CJKTPhotoBrowserCell.swift; sourceTree = "<group>"; };
		C0C914F72512F9BE001EA377 /* CJKTMoyaAPIProvider.swift */ = {isa = PBXFileReference; fileEncoding = 4; lastKnownFileType = sourcecode.swift; path = CJKTMoyaAPIProvider.swift; sourceTree = "<group>"; };
		C0C914F82512F9BE001EA377 /* CJKTMoyaManager.swift */ = {isa = PBXFileReference; fileEncoding = 4; lastKnownFileType = sourcecode.swift; path = CJKTMoyaManager.swift; sourceTree = "<group>"; };
		C0C9150125133127001EA377 /* kTool.swift */ = {isa = PBXFileReference; lastKnownFileType = sourcecode.swift; path = kTool.swift; sourceTree = "<group>"; };
		C0C9150C2513AD27001EA377 /* CJKTCornerView.swift */ = {isa = PBXFileReference; lastKnownFileType = sourcecode.swift; path = CJKTCornerView.swift; sourceTree = "<group>"; };
		C0CE9BC62443F34C00DC39EC /* CJKTSecondCollectionCell.swift */ = {isa = PBXFileReference; lastKnownFileType = sourcecode.swift; path = CJKTSecondCollectionCell.swift; sourceTree = "<group>"; };
		C0CE9BC82443F47D00DC39EC /* CJKTSecondCollectionReusableView.swift */ = {isa = PBXFileReference; lastKnownFileType = sourcecode.swift; path = CJKTSecondCollectionReusableView.swift; sourceTree = "<group>"; };
		C0D4E0D02557F56B00295459 /* R.generated.swift */ = {isa = PBXFileReference; fileEncoding = 4; lastKnownFileType = sourcecode.swift; path = R.generated.swift; sourceTree = "<group>"; };
		C0D4E0D32557F72200295459 /* CJKTUesRSwiftViewController.swift */ = {isa = PBXFileReference; lastKnownFileType = sourcecode.swift; path = CJKTUesRSwiftViewController.swift; sourceTree = "<group>"; };
		C0D4E0D52557F83600295459 /* endVoice.wav */ = {isa = PBXFileReference; lastKnownFileType = audio.wav; path = endVoice.wav; sourceTree = "<group>"; };
		C0D4E0D72557F91B00295459 /* zh-Hans */ = {isa = PBXFileReference; lastKnownFileType = text.plist.strings; name = "zh-Hans"; path = "zh-Hans.lproj/Main.strings"; sourceTree = "<group>"; };
		C0D4E0D82557F91C00295459 /* zh-Hans */ = {isa = PBXFileReference; lastKnownFileType = text.plist.strings; name = "zh-Hans"; path = "zh-Hans.lproj/LaunchScreen.strings"; sourceTree = "<group>"; };
		C0D4E0DC2557F99700295459 /* en */ = {isa = PBXFileReference; lastKnownFileType = text.plist.strings; name = en; path = en.lproj/InfoPlist.strings; sourceTree = "<group>"; };
		C0D4E0DE2557F9A000295459 /* zh-Hans */ = {isa = PBXFileReference; lastKnownFileType = text.plist.strings; name = "zh-Hans"; path = "zh-Hans.lproj/InfoPlist.strings"; sourceTree = "<group>"; };
		C0D4E0DF2557FE7400295459 /* kUserDefault.swift */ = {isa = PBXFileReference; lastKnownFileType = sourcecode.swift; path = kUserDefault.swift; sourceTree = "<group>"; };
		C0ECAC5D2514D1AF00315E15 /* CustomPopView.swift */ = {isa = PBXFileReference; lastKnownFileType = sourcecode.swift; path = CustomPopView.swift; sourceTree = "<group>"; };
		C0F4558F248E291100A9DF15 /* MD5Extension.swift */ = {isa = PBXFileReference; lastKnownFileType = sourcecode.swift; path = MD5Extension.swift; sourceTree = "<group>"; };
		C0F45591248E345E00A9DF15 /* KingfisherExtension.swift */ = {isa = PBXFileReference; lastKnownFileType = sourcecode.swift; path = KingfisherExtension.swift; sourceTree = "<group>"; };
		C0FF7FEC246BC46800967F17 /* CJKTAlertTipView.swift */ = {isa = PBXFileReference; lastKnownFileType = sourcecode.swift; path = CJKTAlertTipView.swift; sourceTree = "<group>"; };
		C0FF7FEE246BCAD400967F17 /* CJKTAlertProtocol.swift */ = {isa = PBXFileReference; lastKnownFileType = sourcecode.swift; path = CJKTAlertProtocol.swift; sourceTree = "<group>"; };
		C0FF7FF0246BCC2900967F17 /* CJKTAlertCustomView.swift */ = {isa = PBXFileReference; lastKnownFileType = sourcecode.swift; path = CJKTAlertCustomView.swift; sourceTree = "<group>"; };
		C0FF7FF3246BE65400967F17 /* CJKTAlertController.swift */ = {isa = PBXFileReference; lastKnownFileType = sourcecode.swift; path = CJKTAlertController.swift; sourceTree = "<group>"; };
		E7FFB2CE5874B5EDE7E34039 /* Pods-SwiftProject-SwiftProjectUITests.release.xcconfig */ = {isa = PBXFileReference; includeInIndex = 1; lastKnownFileType = text.xcconfig; name = "Pods-SwiftProject-SwiftProjectUITests.release.xcconfig"; path = "Target Support Files/Pods-SwiftProject-SwiftProjectUITests/Pods-SwiftProject-SwiftProjectUITests.release.xcconfig"; sourceTree = "<group>"; };
		EBAC04A7DAF1FE2614A2C31E /* Pods-SwiftProjectTests.release.xcconfig */ = {isa = PBXFileReference; includeInIndex = 1; lastKnownFileType = text.xcconfig; name = "Pods-SwiftProjectTests.release.xcconfig"; path = "Target Support Files/Pods-SwiftProjectTests/Pods-SwiftProjectTests.release.xcconfig"; sourceTree = "<group>"; };
/* End PBXFileReference section */

/* Begin PBXFrameworksBuildPhase section */
		C04755512440526C00665E0C /* Frameworks */ = {
			isa = PBXFrameworksBuildPhase;
			buildActionMask = 2147483647;
			files = (
				3825789653B58C84A208BD2A /* Pods_SwiftProject.framework in Frameworks */,
			);
			runOnlyForDeploymentPostprocessing = 0;
		};
		C04755672440526E00665E0C /* Frameworks */ = {
			isa = PBXFrameworksBuildPhase;
			buildActionMask = 2147483647;
			files = (
				8D3CA1825FE472F96590456E /* Pods_SwiftProjectTests.framework in Frameworks */,
			);
			runOnlyForDeploymentPostprocessing = 0;
		};
		C04755722440526F00665E0C /* Frameworks */ = {
			isa = PBXFrameworksBuildPhase;
			buildActionMask = 2147483647;
			files = (
				1F62D0918FFA566952CB18AB /* Pods_SwiftProject_SwiftProjectUITests.framework in Frameworks */,
			);
			runOnlyForDeploymentPostprocessing = 0;
		};
/* End PBXFrameworksBuildPhase section */

/* Begin PBXGroup section */
		B172C598225412B0AFC78534 /* Pods */ = {
			isa = PBXGroup;
			children = (
				0C1D835333D41F6AE6A028CF /* Pods-SwiftProject.debug.xcconfig */,
				A2431F2B2D868A81BC13D281 /* Pods-SwiftProject.release.xcconfig */,
				7B02D1D6DC02271F981B59E6 /* Pods-SwiftProject-SwiftProjectUITests.debug.xcconfig */,
				E7FFB2CE5874B5EDE7E34039 /* Pods-SwiftProject-SwiftProjectUITests.release.xcconfig */,
				209989D6438A38D0671398D6 /* Pods-SwiftProjectTests.debug.xcconfig */,
				EBAC04A7DAF1FE2614A2C31E /* Pods-SwiftProjectTests.release.xcconfig */,
			);
			path = Pods;
			sourceTree = "<group>";
		};
		C01B51AA255E6B6E00634D2A /* 优雅的使用UserDefaults */ = {
			isa = PBXGroup;
			children = (
				C01B51AB255E6BAB00634D2A /* CJKTUserDefaultViewController.swift */,
			);
			path = "优雅的使用UserDefaults";
			sourceTree = "<group>";
		};
		C01B51B1255EC42600634D2A /* JSON数据模型转换 */ = {
			isa = PBXGroup;
			children = (
				C01B51B2255EC44100634D2A /* CJKTJSONViewController.swift */,
			);
			path = "JSON数据模型转换";
			sourceTree = "<group>";
		};
		C01B51B5255EDE0700634D2A /* 使用数据库缓存Model数据 */ = {
			isa = PBXGroup;
			children = (
				C01B51B7255EDE5200634D2A /* CJKTSaveModelDataViewController.swift */,
				C01B51B9255EDEDB00634D2A /* WCDBManager.swift */,
				C01B51BB255EE10700634D2A /* LoginUserModel.swift */,
				C01B51BD255EE5AA00634D2A /* GiftModel.swift */,
				C09F76A82562C74600F656E9 /* LoginManager.swift */,
			);
			path = "使用数据库缓存Model数据";
			sourceTree = "<group>";
		};
		C0329643250CCCAE00A8CE57 /* ThirdExtension */ = {
			isa = PBXGroup;
			children = (
				C0F4558F248E291100A9DF15 /* MD5Extension.swift */,
				C0F45591248E345E00A9DF15 /* KingfisherExtension.swift */,
				C0B573062445488E00445EC7 /* SnapKitExtension.swift */,
				C047FA9D2443061700A8FFB5 /* CJKTRefresh.swift */,
			);
			path = ThirdExtension;
			sourceTree = "<group>";
		};
		C0388EB9248F658B0055E9AC /* TwoTablevVew联动 */ = {
			isa = PBXGroup;
			children = (
				C0388EAF248F41C60055E9AC /* TwoTablevVewController.swift */,
				C0388EB7248F5FA30055E9AC /* LeftTableViewCell.swift */,
				C0388EB5248F5D960055E9AC /* RightTableViewCell.swift */,
				C0388EB3248F5C0E0055E9AC /* RightTableViewHeader.swift */,
				C0388EB1248F5BBF0055E9AC /* RightTableModel.swift */,
			);
			path = "TwoTablevVew联动";
			sourceTree = "<group>";
		};
		C0388EBA248F65C60055E9AC /* tableView与collectionView联动 */ = {
			isa = PBXGroup;
			children = (
				C0388EBB248F660C0055E9AC /* TabviewAndCollectionViewController.swift */,
				C0388EBD248F6A6B0055E9AC /* RightCollectionViewCell.swift */,
				C0388EBF248F6B350055E9AC /* RightCollectionViewHeader.swift */,
				C0388EC1248F6B7F0055E9AC /* CollectionViewModel.swift */,
			);
			path = "tableView与collectionView联动";
			sourceTree = "<group>";
		};
		C0388EC3248F73F10055E9AC /* TabView分组圆角效果 */ = {
			isa = PBXGroup;
			children = (
				C0388EC6248F762B0055E9AC /* MyTableViewController.swift */,
				C0388EC8248F79070055E9AC /* MyTableViewCell.swift */,
			);
			path = "TabView分组圆角效果";
			sourceTree = "<group>";
		};
		C040ACC72489F3D60036F147 /* SGPagingView-Swift */ = {
			isa = PBXGroup;
			children = (
				C040ACCA2489F3D60036F147 /* SGPageContentCollectionView.swift */,
				C040ACCC2489F3D60036F147 /* SGPageContentScrollView.swift */,
				C040ACC92489F3D60036F147 /* SGPageTitleView.swift */,
				C040ACC82489F3D60036F147 /* SGPageTitleViewConfigure.swift */,
				C040ACCB2489F3D60036F147 /* SGPageViewPopGestureVC.swift */,
			);
			path = "SGPagingView-Swift";
			sourceTree = "<group>";
		};
		C047554B2440526C00665E0C = {
			isa = PBXGroup;
			children = (
				C0D4E0D02557F56B00295459 /* R.generated.swift */,
				C04755562440526C00665E0C /* SwiftProject */,
				C047556D2440526E00665E0C /* SwiftProjectTests */,
				C04755782440526F00665E0C /* SwiftProjectUITests */,
				C04755552440526C00665E0C /* Products */,
				B172C598225412B0AFC78534 /* Pods */,
				FF2CEE32AF2F26F5447141C2 /* Frameworks */,
			);
			sourceTree = "<group>";
		};
		C04755552440526C00665E0C /* Products */ = {
			isa = PBXGroup;
			children = (
				C04755542440526C00665E0C /* SwiftProject.app */,
				C047556A2440526E00665E0C /* SwiftProjectTests.xctest */,
				C04755752440526F00665E0C /* SwiftProjectUITests.xctest */,
			);
			name = Products;
			sourceTree = "<group>";
		};
		C04755562440526C00665E0C /* SwiftProject */ = {
			isa = PBXGroup;
			children = (
				C047558D24405F9900665E0C /* Resources  */,
				C047558F24405FAB00665E0C /* Vendors  */,
				C047558E24405FA100665E0C /* Utilites */,
				C047558824405D6100665E0C /* Module */,
				C04755572440526C00665E0C /* AppDelegate.swift */,
				C04755592440526C00665E0C /* SceneDelegate.swift */,
				C047555B2440526C00665E0C /* ViewController.swift */,
				C04755A92440688B00665E0C /* Tools.h */,
				C04755AA2440688B00665E0C /* Tools.m */,
				C047555D2440526C00665E0C /* Main.storyboard */,
				C04755602440526E00665E0C /* Assets.xcassets */,
				C04755622440526E00665E0C /* LaunchScreen.storyboard */,
				C04755652440526E00665E0C /* Info.plist */,
				C04755A82440688A00665E0C /* SwiftProject-Bridging-Header.h */,
				C0D4E0DD2557F99700295459 /* InfoPlist.strings */,
			);
			path = SwiftProject;
			sourceTree = "<group>";
		};
		C047556D2440526E00665E0C /* SwiftProjectTests */ = {
			isa = PBXGroup;
			children = (
				C047556E2440526E00665E0C /* SwiftProjectTests.swift */,
				C04755702440526F00665E0C /* Info.plist */,
			);
			path = SwiftProjectTests;
			sourceTree = "<group>";
		};
		C04755782440526F00665E0C /* SwiftProjectUITests */ = {
			isa = PBXGroup;
			children = (
				C04755792440526F00665E0C /* SwiftProjectUITests.swift */,
				C047557B2440526F00665E0C /* Info.plist */,
			);
			path = SwiftProjectUITests;
			sourceTree = "<group>";
		};
		C047558724405D2100665E0C /* Base */ = {
			isa = PBXGroup;
			children = (
				C047FA942443025D00A8FFB5 /* ViewController */,
				C047FA932443025500A8FFB5 /* View */,
			);
			path = Base;
			sourceTree = "<group>";
		};
		C047558824405D6100665E0C /* Module */ = {
			isa = PBXGroup;
			children = (
				C0936717255A9494004EDBEC /* APPConfig */,
				C0ECAC5C2514D17400315E15 /* Custom */,
				C09F13902456BB590018D2BB /* Login */,
				C047558724405D2100665E0C /* Base */,
				C047558C24405F7400665E0C /* First */,
				C047558B24405F6A00665E0C /* Second */,
				C047558A24405F6000665E0C /* Third */,
				C047558924405F4900665E0C /* Four */,
			);
			path = Module;
			sourceTree = "<group>";
		};
		C047558924405F4900665E0C /* Four */ = {
			isa = PBXGroup;
			children = (
				C09447D32440B4BC001E43D7 /* CJKTFourViewController.swift */,
				C09F76AB2562D1DC00F656E9 /* 自定义弹窗View封装 */,
				C01B51B5255EDE0700634D2A /* 使用数据库缓存Model数据 */,
				C01B51B1255EC42600634D2A /* JSON数据模型转换 */,
				C01B51AA255E6B6E00634D2A /* 优雅的使用UserDefaults */,
				C093671C255A98BE004EDBEC /* SelectLanguage(切换语言) */,
				C0D4E0D22557F6CD00295459 /* R.swift引用资源文件 */,
				C0388EC3248F73F10055E9AC /* TabView分组圆角效果 */,
				C0388EBA248F65C60055E9AC /* tableView与collectionView联动 */,
				C0388EB9248F658B0055E9AC /* TwoTablevVew联动 */,
			);
			path = Four;
			sourceTree = "<group>";
		};
		C047558A24405F6000665E0C /* Third */ = {
			isa = PBXGroup;
			children = (
				C09447D12440B4AF001E43D7 /* CJKTThirdViewController.swift */,
			);
			path = Third;
			sourceTree = "<group>";
		};
		C047558B24405F6A00665E0C /* Second */ = {
			isa = PBXGroup;
			children = (
				C09447CF2440B4A3001E43D7 /* CJKTSecondViewController.swift */,
				C0CE9BC62443F34C00DC39EC /* CJKTSecondCollectionCell.swift */,
				C0CE9BC82443F47D00DC39EC /* CJKTSecondCollectionReusableView.swift */,
				C067985A2459226200968729 /* CJKTPhoneViewController.swift */,
			);
			path = Second;
			sourceTree = "<group>";
		};
		C047558C24405F7400665E0C /* First */ = {
			isa = PBXGroup;
			children = (
				C09447CD2440B491001E43D7 /* CJKTHomeViewController.swift */,
				C09F138E245696BB0018D2BB /* CJKTHomeTableViewCell.swift */,
			);
			path = First;
			sourceTree = "<group>";
		};
		C047558D24405F9900665E0C /* Resources  */ = {
			isa = PBXGroup;
			children = (
				C0D4E0D52557F83600295459 /* endVoice.wav */,
			);
			path = "Resources ";
			sourceTree = "<group>";
		};
		C047558E24405FA100665E0C /* Utilites */ = {
			isa = PBXGroup;
			children = (
				C0C10449251C867B00EBB82F /* CommonUtilites  */,
				C09F76AA2562D05500F656E9 /* DataCache数据缓存 */,
				C047FA922443020300A8FFB5 /* Component */,
				C047FA912443016900A8FFB5 /* Extension */,
				C07BBE342441504900920CA8 /* Network */,
			);
			path = Utilites;
			sourceTree = "<group>";
		};
		C047558F24405FAB00665E0C /* Vendors  */ = {
			isa = PBXGroup;
			children = (
				C040ACC72489F3D60036F147 /* SGPagingView-Swift */,
			);
			path = "Vendors ";
			sourceTree = "<group>";
		};
		C047FA912443016900A8FFB5 /* Extension */ = {
			isa = PBXGroup;
			children = (
				C0329643250CCCAE00A8CE57 /* ThirdExtension */,
				C04755982440670100665E0C /* StringExtensions.swift */,
				C04755A6244067FA00665E0C /* UIButtonExtensions.swift */,
				C0B5730C24454E9B00445EC7 /* UILabelExtensions.swift */,
				C09F138A245672AF0018D2BB /* UITxtFieldExtensions.swift */,
				C09F138C245673140018D2BB /* UITextViewExtensions.swift */,
				C0475592244066AE00665E0C /* UIColorExtensions.swift */,
				C0475596244066E500665E0C /* UIImageEXtensions.swift */,
				C04755A4244067B200665E0C /* UIViewControllerExtensions.swift */,
				C0475594244066CA00665E0C /* UIViewExtensions.swift */,
				C0B573082445497700445EC7 /* DateExtensions.swift */,
				C0B5730A24454BEB00445EC7 /* NSAttributedStringExtensions.swift */,
				C06B45EE24580385000E659C /* NotificationCenterExtensions.swift */,
				C0656FA9252353890028F739 /* UISearchBarExtension.swift */,
			);
			path = Extension;
			sourceTree = "<group>";
		};
		C047FA922443020300A8FFB5 /* Component */ = {
			isa = PBXGroup;
			children = (
				C0C737A0245B0F5F00C0E7F1 /* PhotoBrowse */,
				C0FF7FF2246BE5AF00967F17 /* AlertView */,
				C067985C24592EE400968729 /* CJKTAuthorizeUtils.swift */,
				C0FF7FF3246BE65400967F17 /* CJKTAlertController.swift */,
			);
			path = Component;
			sourceTree = "<group>";
		};
		C047FA932443025500A8FFB5 /* View */ = {
			isa = PBXGroup;
			children = (
				C047FA95244302ED00A8FFB5 /* CJKTTableViewHeaderFooterView.swift */,
				C047FA97244303C800A8FFB5 /* CJKTBaseCollectionViewCell.swift */,
				C047FA992443048300A8FFB5 /* CJKTBaseTableViewCell.swift */,
				C047FA9B2443051F00A8FFB5 /* CJKTBaseCollectionReusableView.swift */,
			);
			path = View;
			sourceTree = "<group>";
		};
		C047FA942443025D00A8FFB5 /* ViewController */ = {
			isa = PBXGroup;
			children = (
				C09447CB2440AA4B001E43D7 /* CJKTBaseModel.swift */,
				C04755AC24406E0600665E0C /* CJKTBaseViewController.swift */,
				C0388EC4248F74D40055E9AC /* CJKTBaseTableViewController.swift */,
				C04755AE24406E2900665E0C /* CJKTTabBarController.swift */,
				C04755B024406E4100665E0C /* CJKTNavigationController.swift */,
			);
			path = ViewController;
			sourceTree = "<group>";
		};
		C07BBE342441504900920CA8 /* Network */ = {
			isa = PBXGroup;
			children = (
				C0C914F72512F9BE001EA377 /* CJKTMoyaAPIProvider.swift */,
				C0C914F82512F9BE001EA377 /* CJKTMoyaManager.swift */,
				C00A005624420B39004B5152 /* CJKTModel.swift */,
				C07BBE362441509100920CA8 /* CJKTAPI.swift */,
			);
			path = Network;
			sourceTree = "<group>";
		};
		C0936717255A9494004EDBEC /* APPConfig */ = {
			isa = PBXGroup;
			children = (
				C0936718255A9529004EDBEC /* kNotificationsStr.swift */,
				C093671A255A964E004EDBEC /* LocalizationManger.swift */,
				C0936720255A9A00004EDBEC /* APPConfig.swift */,
			);
			path = APPConfig;
			sourceTree = "<group>";
		};
		C093671C255A98BE004EDBEC /* SelectLanguage(切换语言) */ = {
			isa = PBXGroup;
			children = (
				C093671E255A990D004EDBEC /* CJKTSelectLanguageViewController.swift */,
			);
			path = "SelectLanguage(切换语言)";
			sourceTree = "<group>";
		};
		C09F13902456BB590018D2BB /* Login */ = {
			isa = PBXGroup;
			children = (
				C09F13912456BB820018D2BB /* CJKTLoginViewController.swift */,
			);
			path = Login;
			sourceTree = "<group>";
		};
		C09F76AA2562D05500F656E9 /* DataCache数据缓存 */ = {
			isa = PBXGroup;
			children = (
				C0C10453251C86B700EBB82F /* kUserDefaultsTool.swift */,
				C0C10454251C86B700EBB82F /* CZBFileManager.swift */,
				C0C10451251C86B700EBB82F /* CZBKeyChain.swift */,
				C0C10452251C86B700EBB82F /* CZBWCDBProtocol.swift */,
				C0C10450251C86B700EBB82F /* CZBDBManager.swift */,
			);
			path = "DataCache数据缓存";
			sourceTree = "<group>";
		};
		C09F76AB2562D1DC00F656E9 /* 自定义弹窗View封装 */ = {
			isa = PBXGroup;
			children = (
				C09F76AC2562D23300F656E9 /* CJKTCustomAlertViewViewController.swift */,
			);
			path = "自定义弹窗View封装";
			sourceTree = "<group>";
		};
		C0C10449251C867B00EBB82F /* CommonUtilites  */ = {
			isa = PBXGroup;
			children = (
				C0475590244064FC00665E0C /* GlobalConstants.swift */,
				C0C9150125133127001EA377 /* kTool.swift */,
				C0210412255D272B00C42B61 /* kHUD.swift */,
				C0D4E0DF2557FE7400295459 /* kUserDefault.swift */,
				C0C9150C2513AD27001EA377 /* CJKTCornerView.swift */,
				C0A39F3E2514DAD4002DE6FA /* KeychainItem.swift */,
				C09447C92440A9DA001E43D7 /* CJKTJsonUtil.swift */,
			);
			path = "CommonUtilites ";
			sourceTree = "<group>";
		};
		C0C737A0245B0F5F00C0E7F1 /* PhotoBrowse */ = {
			isa = PBXGroup;
			children = (
				C0C737A1245B0F8600C0E7F1 /* CJKTPhotoBrowseViewController.swift */,
				C0C737A3245B0FE100C0E7F1 /* CJKTPhotoBrowserCell.swift */,
			);
			path = PhotoBrowse;
			sourceTree = "<group>";
		};
		C0D4E0D22557F6CD00295459 /* R.swift引用资源文件 */ = {
			isa = PBXGroup;
			children = (
				C0D4E0D32557F72200295459 /* CJKTUesRSwiftViewController.swift */,
			);
			path = "R.swift引用资源文件";
			sourceTree = "<group>";
		};
		C0ECAC5C2514D17400315E15 /* Custom */ = {
			isa = PBXGroup;
			children = (
				C047FA9F2443071800A8FFB5 /* CJKTEmptyView.swift */,
				C0A39F432514DD26002DE6FA /* CustomEmptyView.swift */,
				C0ECAC5D2514D1AF00315E15 /* CustomPopView.swift */,
			);
			path = Custom;
			sourceTree = "<group>";
		};
		C0FF7FF2246BE5AF00967F17 /* AlertView */ = {
			isa = PBXGroup;
			children = (
				C0FF7FEC246BC46800967F17 /* CJKTAlertTipView.swift */,
				C0FF7FEE246BCAD400967F17 /* CJKTAlertProtocol.swift */,
				C0FF7FF0246BCC2900967F17 /* CJKTAlertCustomView.swift */,
			);
			path = AlertView;
			sourceTree = "<group>";
		};
		FF2CEE32AF2F26F5447141C2 /* Frameworks */ = {
			isa = PBXGroup;
			children = (
				8316D11444038409B7DB2193 /* Pods_SwiftProject.framework */,
				752279D3AF201F4BA08AF240 /* Pods_SwiftProject_SwiftProjectUITests.framework */,
				BDE06A7F8311EA8C1A1F5BAC /* Pods_SwiftProjectTests.framework */,
			);
			name = Frameworks;
			sourceTree = "<group>";
		};
/* End PBXGroup section */

/* Begin PBXNativeTarget section */
		C04755532440526C00665E0C /* SwiftProject */ = {
			isa = PBXNativeTarget;
			buildConfigurationList = C047557E2440526F00665E0C /* Build configuration list for PBXNativeTarget "SwiftProject" */;
			buildPhases = (
				C726396CEFE0A729745CA904 /* [CP] Check Pods Manifest.lock */,
				C0D4E0CB2557F1A700295459 /* Run Script */,
				C04755502440526C00665E0C /* Sources */,
				C04755512440526C00665E0C /* Frameworks */,
				C04755522440526C00665E0C /* Resources */,
				BCBB154A7FF2F533013F2D3C /* [CP] Embed Pods Frameworks */,
			);
			buildRules = (
			);
			dependencies = (
			);
			name = SwiftProject;
			productName = SwiftProject;
			productReference = C04755542440526C00665E0C /* SwiftProject.app */;
			productType = "com.apple.product-type.application";
		};
		C04755692440526E00665E0C /* SwiftProjectTests */ = {
			isa = PBXNativeTarget;
			buildConfigurationList = C04755812440526F00665E0C /* Build configuration list for PBXNativeTarget "SwiftProjectTests" */;
			buildPhases = (
				7112C51C0D232D2006AEAF6E /* [CP] Check Pods Manifest.lock */,
				C04755662440526E00665E0C /* Sources */,
				C04755672440526E00665E0C /* Frameworks */,
				C04755682440526E00665E0C /* Resources */,
			);
			buildRules = (
			);
			dependencies = (
				C047556C2440526E00665E0C /* PBXTargetDependency */,
			);
			name = SwiftProjectTests;
			productName = SwiftProjectTests;
			productReference = C047556A2440526E00665E0C /* SwiftProjectTests.xctest */;
			productType = "com.apple.product-type.bundle.unit-test";
		};
		C04755742440526F00665E0C /* SwiftProjectUITests */ = {
			isa = PBXNativeTarget;
			buildConfigurationList = C04755842440526F00665E0C /* Build configuration list for PBXNativeTarget "SwiftProjectUITests" */;
			buildPhases = (
				58E24E0D08BE1B0967AF4352 /* [CP] Check Pods Manifest.lock */,
				C04755712440526F00665E0C /* Sources */,
				C04755722440526F00665E0C /* Frameworks */,
				C04755732440526F00665E0C /* Resources */,
				711B57F2D09ED12618C56B4F /* [CP] Embed Pods Frameworks */,
			);
			buildRules = (
			);
			dependencies = (
				C04755772440526F00665E0C /* PBXTargetDependency */,
			);
			name = SwiftProjectUITests;
			productName = SwiftProjectUITests;
			productReference = C04755752440526F00665E0C /* SwiftProjectUITests.xctest */;
			productType = "com.apple.product-type.bundle.ui-testing";
		};
/* End PBXNativeTarget section */

/* Begin PBXProject section */
		C047554C2440526C00665E0C /* Project object */ = {
			isa = PBXProject;
			attributes = {
				CLASSPREFIX = CJKT;
				LastSwiftUpdateCheck = 1140;
				LastUpgradeCheck = 1140;
				ORGANIZATIONNAME = Dxc_iOS;
				TargetAttributes = {
					C04755532440526C00665E0C = {
						CreatedOnToolsVersion = 11.4;
						LastSwiftMigration = 1140;
					};
					C04755692440526E00665E0C = {
						CreatedOnToolsVersion = 11.4;
						TestTargetID = C04755532440526C00665E0C;
					};
					C04755742440526F00665E0C = {
						CreatedOnToolsVersion = 11.4;
						TestTargetID = C04755532440526C00665E0C;
					};
				};
			};
			buildConfigurationList = C047554F2440526C00665E0C /* Build configuration list for PBXProject "SwiftProject" */;
			compatibilityVersion = "Xcode 9.3";
			developmentRegion = en;
			hasScannedForEncodings = 0;
			knownRegions = (
				en,
				Base,
				"zh-Hans",
				tr,
				ar,
				id,
				hi,
			);
			mainGroup = C047554B2440526C00665E0C;
			productRefGroup = C04755552440526C00665E0C /* Products */;
			projectDirPath = "";
			projectRoot = "";
			targets = (
				C04755532440526C00665E0C /* SwiftProject */,
				C04755692440526E00665E0C /* SwiftProjectTests */,
				C04755742440526F00665E0C /* SwiftProjectUITests */,
			);
		};
/* End PBXProject section */

/* Begin PBXResourcesBuildPhase section */
		C04755522440526C00665E0C /* Resources */ = {
			isa = PBXResourcesBuildPhase;
			buildActionMask = 2147483647;
			files = (
				C04755642440526E00665E0C /* LaunchScreen.storyboard in Resources */,
				C0D4E0D62557F83600295459 /* endVoice.wav in Resources */,
				C04755612440526E00665E0C /* Assets.xcassets in Resources */,
				C047555F2440526C00665E0C /* Main.storyboard in Resources */,
				C0D4E0DB2557F99700295459 /* InfoPlist.strings in Resources */,
			);
			runOnlyForDeploymentPostprocessing = 0;
		};
		C04755682440526E00665E0C /* Resources */ = {
			isa = PBXResourcesBuildPhase;
			buildActionMask = 2147483647;
			files = (
			);
			runOnlyForDeploymentPostprocessing = 0;
		};
		C04755732440526F00665E0C /* Resources */ = {
			isa = PBXResourcesBuildPhase;
			buildActionMask = 2147483647;
			files = (
			);
			runOnlyForDeploymentPostprocessing = 0;
		};
/* End PBXResourcesBuildPhase section */

/* Begin PBXShellScriptBuildPhase section */
		58E24E0D08BE1B0967AF4352 /* [CP] Check Pods Manifest.lock */ = {
			isa = PBXShellScriptBuildPhase;
			buildActionMask = 2147483647;
			files = (
			);
			inputFileListPaths = (
			);
			inputPaths = (
				"${PODS_PODFILE_DIR_PATH}/Podfile.lock",
				"${PODS_ROOT}/Manifest.lock",
			);
			name = "[CP] Check Pods Manifest.lock";
			outputFileListPaths = (
			);
			outputPaths = (
				"$(DERIVED_FILE_DIR)/Pods-SwiftProject-SwiftProjectUITests-checkManifestLockResult.txt",
			);
			runOnlyForDeploymentPostprocessing = 0;
			shellPath = /bin/sh;
			shellScript = "diff \"${PODS_PODFILE_DIR_PATH}/Podfile.lock\" \"${PODS_ROOT}/Manifest.lock\" > /dev/null\nif [ $? != 0 ] ; then\n    # print error to STDERR\n    echo \"error: The sandbox is not in sync with the Podfile.lock. Run 'pod install' or update your CocoaPods installation.\" >&2\n    exit 1\nfi\n# This output is used by Xcode 'outputs' to avoid re-running this script phase.\necho \"SUCCESS\" > \"${SCRIPT_OUTPUT_FILE_0}\"\n";
			showEnvVarsInLog = 0;
		};
		7112C51C0D232D2006AEAF6E /* [CP] Check Pods Manifest.lock */ = {
			isa = PBXShellScriptBuildPhase;
			buildActionMask = 2147483647;
			files = (
			);
			inputFileListPaths = (
			);
			inputPaths = (
				"${PODS_PODFILE_DIR_PATH}/Podfile.lock",
				"${PODS_ROOT}/Manifest.lock",
			);
			name = "[CP] Check Pods Manifest.lock";
			outputFileListPaths = (
			);
			outputPaths = (
				"$(DERIVED_FILE_DIR)/Pods-SwiftProjectTests-checkManifestLockResult.txt",
			);
			runOnlyForDeploymentPostprocessing = 0;
			shellPath = /bin/sh;
			shellScript = "diff \"${PODS_PODFILE_DIR_PATH}/Podfile.lock\" \"${PODS_ROOT}/Manifest.lock\" > /dev/null\nif [ $? != 0 ] ; then\n    # print error to STDERR\n    echo \"error: The sandbox is not in sync with the Podfile.lock. Run 'pod install' or update your CocoaPods installation.\" >&2\n    exit 1\nfi\n# This output is used by Xcode 'outputs' to avoid re-running this script phase.\necho \"SUCCESS\" > \"${SCRIPT_OUTPUT_FILE_0}\"\n";
			showEnvVarsInLog = 0;
		};
		711B57F2D09ED12618C56B4F /* [CP] Embed Pods Frameworks */ = {
			isa = PBXShellScriptBuildPhase;
			buildActionMask = 2147483647;
			files = (
			);
			inputFileListPaths = (
				"${PODS_ROOT}/Target Support Files/Pods-SwiftProject-SwiftProjectUITests/Pods-SwiftProject-SwiftProjectUITests-frameworks-${CONFIGURATION}-input-files.xcfilelist",
			);
			name = "[CP] Embed Pods Frameworks";
			outputFileListPaths = (
				"${PODS_ROOT}/Target Support Files/Pods-SwiftProject-SwiftProjectUITests/Pods-SwiftProject-SwiftProjectUITests-frameworks-${CONFIGURATION}-output-files.xcfilelist",
			);
			runOnlyForDeploymentPostprocessing = 0;
			shellPath = /bin/sh;
			shellScript = "\"${PODS_ROOT}/Target Support Files/Pods-SwiftProject-SwiftProjectUITests/Pods-SwiftProject-SwiftProjectUITests-frameworks.sh\"\n";
			showEnvVarsInLog = 0;
		};
		BCBB154A7FF2F533013F2D3C /* [CP] Embed Pods Frameworks */ = {
			isa = PBXShellScriptBuildPhase;
			buildActionMask = 2147483647;
			files = (
			);
			inputFileListPaths = (
				"${PODS_ROOT}/Target Support Files/Pods-SwiftProject/Pods-SwiftProject-frameworks-${CONFIGURATION}-input-files.xcfilelist",
			);
			name = "[CP] Embed Pods Frameworks";
			outputFileListPaths = (
				"${PODS_ROOT}/Target Support Files/Pods-SwiftProject/Pods-SwiftProject-frameworks-${CONFIGURATION}-output-files.xcfilelist",
			);
			runOnlyForDeploymentPostprocessing = 0;
			shellPath = /bin/sh;
			shellScript = "\"${PODS_ROOT}/Target Support Files/Pods-SwiftProject/Pods-SwiftProject-frameworks.sh\"\n";
			showEnvVarsInLog = 0;
		};
		C0D4E0CB2557F1A700295459 /* Run Script */ = {
			isa = PBXShellScriptBuildPhase;
			buildActionMask = 2147483647;
			files = (
			);
			inputFileListPaths = (
			);
			inputPaths = (
				"$TEMP_DIR/rswift-lastrun",
			);
			name = "Run Script";
			outputFileListPaths = (
			);
			outputPaths = (
				$SRCROOT/R.generated.swift,
			);
			runOnlyForDeploymentPostprocessing = 0;
			shellPath = /bin/sh;
			shellScript = "# Type a script or drag a script file from your workspace to insert its path.\n\"$PODS_ROOT/R.swift/rswift\" generate \"$SRCROOT/R.generated.swift\"\n";
		};
		C726396CEFE0A729745CA904 /* [CP] Check Pods Manifest.lock */ = {
			isa = PBXShellScriptBuildPhase;
			buildActionMask = 2147483647;
			files = (
			);
			inputFileListPaths = (
			);
			inputPaths = (
				"${PODS_PODFILE_DIR_PATH}/Podfile.lock",
				"${PODS_ROOT}/Manifest.lock",
			);
			name = "[CP] Check Pods Manifest.lock";
			outputFileListPaths = (
			);
			outputPaths = (
				"$(DERIVED_FILE_DIR)/Pods-SwiftProject-checkManifestLockResult.txt",
			);
			runOnlyForDeploymentPostprocessing = 0;
			shellPath = /bin/sh;
			shellScript = "diff \"${PODS_PODFILE_DIR_PATH}/Podfile.lock\" \"${PODS_ROOT}/Manifest.lock\" > /dev/null\nif [ $? != 0 ] ; then\n    # print error to STDERR\n    echo \"error: The sandbox is not in sync with the Podfile.lock. Run 'pod install' or update your CocoaPods installation.\" >&2\n    exit 1\nfi\n# This output is used by Xcode 'outputs' to avoid re-running this script phase.\necho \"SUCCESS\" > \"${SCRIPT_OUTPUT_FILE_0}\"\n";
			showEnvVarsInLog = 0;
		};
/* End PBXShellScriptBuildPhase section */

/* Begin PBXSourcesBuildPhase section */
		C04755502440526C00665E0C /* Sources */ = {
			isa = PBXSourcesBuildPhase;
			buildActionMask = 2147483647;
			files = (
				C0388EC2248F6B7F0055E9AC /* CollectionViewModel.swift in Sources */,
				C0388EB8248F5FA30055E9AC /* LeftTableViewCell.swift in Sources */,
				C0A39F442514DD26002DE6FA /* CustomEmptyView.swift in Sources */,
				C04755992440670100665E0C /* StringExtensions.swift in Sources */,
				C09447CA2440A9DA001E43D7 /* CJKTJsonUtil.swift in Sources */,
				C047FAA02443071800A8FFB5 /* CJKTEmptyView.swift in Sources */,
				C0D4E0D42557F72200295459 /* CJKTUesRSwiftViewController.swift in Sources */,
				C0388EB4248F5C0E0055E9AC /* RightTableViewHeader.swift in Sources */,
				C04755A5244067B200665E0C /* UIViewControllerExtensions.swift in Sources */,
				C047555C2440526C00665E0C /* ViewController.swift in Sources */,
				C0C737A2245B0F8600C0E7F1 /* CJKTPhotoBrowseViewController.swift in Sources */,
				C0D4E0E02557FE7400295459 /* kUserDefault.swift in Sources */,
				C0388EC9248F79070055E9AC /* MyTableViewCell.swift in Sources */,
				C01B51B8255EDE5200634D2A /* CJKTSaveModelDataViewController.swift in Sources */,
				C0B5730B24454BEB00445EC7 /* NSAttributedStringExtensions.swift in Sources */,
				C047FA9A2443048300A8FFB5 /* CJKTBaseTableViewCell.swift in Sources */,
				C0FF7FEF246BCAD400967F17 /* CJKTAlertProtocol.swift in Sources */,
				C01B51B3255EC44100634D2A /* CJKTJSONViewController.swift in Sources */,
				C09447CC2440AA4B001E43D7 /* CJKTBaseModel.swift in Sources */,
				C0C10458251C86B700EBB82F /* kUserDefaultsTool.swift in Sources */,
				C04755AB2440688B00665E0C /* Tools.m in Sources */,
				C0B573072445488E00445EC7 /* SnapKitExtension.swift in Sources */,
				C0C10457251C86B700EBB82F /* CZBWCDBProtocol.swift in Sources */,
				C040ACD12489F3D60036F147 /* SGPageContentScrollView.swift in Sources */,
				C0C737A4245B0FE100C0E7F1 /* CJKTPhotoBrowserCell.swift in Sources */,
				C067985B2459226200968729 /* CJKTPhoneViewController.swift in Sources */,
				C0656FAA252353890028F739 /* UISearchBarExtension.swift in Sources */,
				C0F45592248E345E00A9DF15 /* KingfisherExtension.swift in Sources */,
				C0210413255D272B00C42B61 /* kHUD.swift in Sources */,
				C0388EB2248F5BBF0055E9AC /* RightTableModel.swift in Sources */,
				C01B51AC255E6BAB00634D2A /* CJKTUserDefaultViewController.swift in Sources */,
				C0936719255A9529004EDBEC /* kNotificationsStr.swift in Sources */,
				C0388EC0248F6B350055E9AC /* RightCollectionViewHeader.swift in Sources */,
				C09447D02440B4A3001E43D7 /* CJKTSecondViewController.swift in Sources */,
				C0C914F92512F9BE001EA377 /* CJKTMoyaAPIProvider.swift in Sources */,
				C09F76A92562C74600F656E9 /* LoginManager.swift in Sources */,
				C01B51BA255EDEDB00634D2A /* WCDBManager.swift in Sources */,
				C04755582440526C00665E0C /* AppDelegate.swift in Sources */,
				C06B45EF24580385000E659C /* NotificationCenterExtensions.swift in Sources */,
				C067985D24592EE400968729 /* CJKTAuthorizeUtils.swift in Sources */,
				C0ECAC5E2514D1AF00315E15 /* CustomPopView.swift in Sources */,
				C0475591244064FC00665E0C /* GlobalConstants.swift in Sources */,
				C09F138F245696BB0018D2BB /* CJKTHomeTableViewCell.swift in Sources */,
				C0A39F3F2514DAD4002DE6FA /* KeychainItem.swift in Sources */,
				C01B51BE255EE5AA00634D2A /* GiftModel.swift in Sources */,
				C040ACCF2489F3D60036F147 /* SGPageContentCollectionView.swift in Sources */,
				C0388EB0248F41C60055E9AC /* TwoTablevVewController.swift in Sources */,
				C047555A2440526C00665E0C /* SceneDelegate.swift in Sources */,
				C0388EB6248F5D960055E9AC /* RightTableViewCell.swift in Sources */,
				C0B5730D24454E9B00445EC7 /* UILabelExtensions.swift in Sources */,
				C0D4E0D12557F56B00295459 /* R.generated.swift in Sources */,
				C0CE9BC92443F47D00DC39EC /* CJKTSecondCollectionReusableView.swift in Sources */,
				C0C10459251C86B700EBB82F /* CZBFileManager.swift in Sources */,
				C0C914FA2512F9BE001EA377 /* CJKTMoyaManager.swift in Sources */,
				C0CE9BC72443F34C00DC39EC /* CJKTSecondCollectionCell.swift in Sources */,
				C0388EC5248F74D40055E9AC /* CJKTBaseTableViewController.swift in Sources */,
				C093671F255A990D004EDBEC /* CJKTSelectLanguageViewController.swift in Sources */,
				C09447D22440B4AF001E43D7 /* CJKTThirdViewController.swift in Sources */,
				C04755A7244067FA00665E0C /* UIButtonExtensions.swift in Sources */,
				C09F138D245673140018D2BB /* UITextViewExtensions.swift in Sources */,
				C0388EBE248F6A6B0055E9AC /* RightCollectionViewCell.swift in Sources */,
				C04755B124406E4100665E0C /* CJKTNavigationController.swift in Sources */,
				C04755AD24406E0600665E0C /* CJKTBaseViewController.swift in Sources */,
				C0388EC7248F762B0055E9AC /* MyTableViewController.swift in Sources */,
				C0FF7FED246BC46800967F17 /* CJKTAlertTipView.swift in Sources */,
				C0388EBC248F660C0055E9AC /* TabviewAndCollectionViewController.swift in Sources */,
				C09F13922456BB820018D2BB /* CJKTLoginViewController.swift in Sources */,
				C0FF7FF1246BCC2900967F17 /* CJKTAlertCustomView.swift in Sources */,
				C047FA9E2443061700A8FFB5 /* CJKTRefresh.swift in Sources */,
				C0B573092445497700445EC7 /* DateExtensions.swift in Sources */,
				C07BBE372441509100920CA8 /* CJKTAPI.swift in Sources */,
				C09447D42440B4BC001E43D7 /* CJKTFourViewController.swift in Sources */,
				C0C10455251C86B700EBB82F /* CZBDBManager.swift in Sources */,
				C040ACCE2489F3D60036F147 /* SGPageTitleView.swift in Sources */,
				C09F138B245672AF0018D2BB /* UITxtFieldExtensions.swift in Sources */,
				C040ACD02489F3D60036F147 /* SGPageViewPopGestureVC.swift in Sources */,
				C09F76AD2562D23300F656E9 /* CJKTCustomAlertViewViewController.swift in Sources */,
				C00A005724420B39004B5152 /* CJKTModel.swift in Sources */,
				C047FA98244303C800A8FFB5 /* CJKTBaseCollectionViewCell.swift in Sources */,
				C047FA96244302ED00A8FFB5 /* CJKTTableViewHeaderFooterView.swift in Sources */,
				C0936721255A9A00004EDBEC /* APPConfig.swift in Sources */,
				C040ACCD2489F3D60036F147 /* SGPageTitleViewConfigure.swift in Sources */,
				C04755AF24406E2900665E0C /* CJKTTabBarController.swift in Sources */,
				C0F45590248E291100A9DF15 /* MD5Extension.swift in Sources */,
				C0475597244066E500665E0C /* UIImageEXtensions.swift in Sources */,
				C01B51BC255EE10700634D2A /* LoginUserModel.swift in Sources */,
				C0475595244066CA00665E0C /* UIViewExtensions.swift in Sources */,
				C047FA9C2443051F00A8FFB5 /* CJKTBaseCollectionReusableView.swift in Sources */,
				C0C9150225133127001EA377 /* kTool.swift in Sources */,
				C0FF7FF4246BE65400967F17 /* CJKTAlertController.swift in Sources */,
				C0C9150D2513AD27001EA377 /* CJKTCornerView.swift in Sources */,
				C09447CE2440B491001E43D7 /* CJKTHomeViewController.swift in Sources */,
				C0C10456251C86B700EBB82F /* CZBKeyChain.swift in Sources */,
				C093671B255A964E004EDBEC /* LocalizationManger.swift in Sources */,
				C0475593244066AE00665E0C /* UIColorExtensions.swift in Sources */,
			);
			runOnlyForDeploymentPostprocessing = 0;
		};
		C04755662440526E00665E0C /* Sources */ = {
			isa = PBXSourcesBuildPhase;
			buildActionMask = 2147483647;
			files = (
				C047556F2440526E00665E0C /* SwiftProjectTests.swift in Sources */,
			);
			runOnlyForDeploymentPostprocessing = 0;
		};
		C04755712440526F00665E0C /* Sources */ = {
			isa = PBXSourcesBuildPhase;
			buildActionMask = 2147483647;
			files = (
				C047557A2440526F00665E0C /* SwiftProjectUITests.swift in Sources */,
			);
			runOnlyForDeploymentPostprocessing = 0;
		};
/* End PBXSourcesBuildPhase section */

/* Begin PBXTargetDependency section */
		C047556C2440526E00665E0C /* PBXTargetDependency */ = {
			isa = PBXTargetDependency;
			target = C04755532440526C00665E0C /* SwiftProject */;
			targetProxy = C047556B2440526E00665E0C /* PBXContainerItemProxy */;
		};
		C04755772440526F00665E0C /* PBXTargetDependency */ = {
			isa = PBXTargetDependency;
			target = C04755532440526C00665E0C /* SwiftProject */;
			targetProxy = C04755762440526F00665E0C /* PBXContainerItemProxy */;
		};
/* End PBXTargetDependency section */

/* Begin PBXVariantGroup section */
		C047555D2440526C00665E0C /* Main.storyboard */ = {
			isa = PBXVariantGroup;
			children = (
				C047555E2440526C00665E0C /* Base */,
				C0D4E0D72557F91B00295459 /* zh-Hans */,
				C0AE7860255BB1AD00E3C278 /* tr */,
				C0AE7863255BB1B200E3C278 /* ar */,
				C0AE7866255BB1C300E3C278 /* id */,
				C0AE7869255BB1D400E3C278 /* hi */,
			);
			name = Main.storyboard;
			sourceTree = "<group>";
		};
		C04755622440526E00665E0C /* LaunchScreen.storyboard */ = {
			isa = PBXVariantGroup;
			children = (
				C04755632440526E00665E0C /* Base */,
				C0D4E0D82557F91C00295459 /* zh-Hans */,
				C0AE7861255BB1AD00E3C278 /* tr */,
				C0AE7864255BB1B200E3C278 /* ar */,
				C0AE7867255BB1C300E3C278 /* id */,
				C0AE786A255BB1D400E3C278 /* hi */,
			);
			name = LaunchScreen.storyboard;
			sourceTree = "<group>";
		};
		C0D4E0DD2557F99700295459 /* InfoPlist.strings */ = {
			isa = PBXVariantGroup;
			children = (
				C0D4E0DC2557F99700295459 /* en */,
				C0D4E0DE2557F9A000295459 /* zh-Hans */,
				C0AE7862255BB1AD00E3C278 /* tr */,
				C0AE7865255BB1B200E3C278 /* ar */,
				C0AE7868255BB1C300E3C278 /* id */,
				C0AE786B255BB1D400E3C278 /* hi */,
			);
			name = InfoPlist.strings;
			sourceTree = "<group>";
		};
/* End PBXVariantGroup section */

/* Begin XCBuildConfiguration section */
		C047557C2440526F00665E0C /* Debug */ = {
			isa = XCBuildConfiguration;
			buildSettings = {
				ALWAYS_SEARCH_USER_PATHS = NO;
				CLANG_ANALYZER_LOCALIZABILITY_NONLOCALIZED = YES;
				CLANG_ANALYZER_NONNULL = YES;
				CLANG_ANALYZER_NUMBER_OBJECT_CONVERSION = YES_AGGRESSIVE;
				CLANG_CXX_LANGUAGE_STANDARD = "gnu++14";
				CLANG_CXX_LIBRARY = "libc++";
				CLANG_ENABLE_MODULES = YES;
				CLANG_ENABLE_OBJC_ARC = YES;
				CLANG_ENABLE_OBJC_WEAK = YES;
				CLANG_WARN_BLOCK_CAPTURE_AUTORELEASING = YES;
				CLANG_WARN_BOOL_CONVERSION = YES;
				CLANG_WARN_COMMA = YES;
				CLANG_WARN_CONSTANT_CONVERSION = YES;
				CLANG_WARN_DEPRECATED_OBJC_IMPLEMENTATIONS = YES;
				CLANG_WARN_DIRECT_OBJC_ISA_USAGE = YES_ERROR;
				CLANG_WARN_DOCUMENTATION_COMMENTS = YES;
				CLANG_WARN_EMPTY_BODY = YES;
				CLANG_WARN_ENUM_CONVERSION = YES;
				CLANG_WARN_INFINITE_RECURSION = YES;
				CLANG_WARN_INT_CONVERSION = YES;
				CLANG_WARN_NON_LITERAL_NULL_CONVERSION = YES;
				CLANG_WARN_OBJC_IMPLICIT_RETAIN_SELF = YES;
				CLANG_WARN_OBJC_LITERAL_CONVERSION = YES;
				CLANG_WARN_OBJC_ROOT_CLASS = YES_ERROR;
				CLANG_WARN_RANGE_LOOP_ANALYSIS = YES;
				CLANG_WARN_STRICT_PROTOTYPES = YES;
				CLANG_WARN_SUSPICIOUS_MOVE = YES;
				CLANG_WARN_UNGUARDED_AVAILABILITY = YES_AGGRESSIVE;
				CLANG_WARN_UNREACHABLE_CODE = YES;
				CLANG_WARN__DUPLICATE_METHOD_MATCH = YES;
				COPY_PHASE_STRIP = NO;
				DEBUG_INFORMATION_FORMAT = dwarf;
				ENABLE_STRICT_OBJC_MSGSEND = YES;
				ENABLE_TESTABILITY = YES;
				GCC_C_LANGUAGE_STANDARD = gnu11;
				GCC_DYNAMIC_NO_PIC = NO;
				GCC_NO_COMMON_BLOCKS = YES;
				GCC_OPTIMIZATION_LEVEL = 0;
				GCC_PREPROCESSOR_DEFINITIONS = (
					"DEBUG=1",
					"$(inherited)",
				);
				GCC_WARN_64_TO_32_BIT_CONVERSION = YES;
				GCC_WARN_ABOUT_RETURN_TYPE = YES_ERROR;
				GCC_WARN_UNDECLARED_SELECTOR = YES;
				GCC_WARN_UNINITIALIZED_AUTOS = YES_AGGRESSIVE;
				GCC_WARN_UNUSED_FUNCTION = YES;
				GCC_WARN_UNUSED_VARIABLE = YES;
				IPHONEOS_DEPLOYMENT_TARGET = 13.4;
				MTL_ENABLE_DEBUG_INFO = INCLUDE_SOURCE;
				MTL_FAST_MATH = YES;
				ONLY_ACTIVE_ARCH = YES;
				SDKROOT = iphoneos;
				SWIFT_ACTIVE_COMPILATION_CONDITIONS = DEBUG;
				SWIFT_OPTIMIZATION_LEVEL = "-Onone";
			};
			name = Debug;
		};
		C047557D2440526F00665E0C /* Release */ = {
			isa = XCBuildConfiguration;
			buildSettings = {
				ALWAYS_SEARCH_USER_PATHS = NO;
				CLANG_ANALYZER_LOCALIZABILITY_NONLOCALIZED = YES;
				CLANG_ANALYZER_NONNULL = YES;
				CLANG_ANALYZER_NUMBER_OBJECT_CONVERSION = YES_AGGRESSIVE;
				CLANG_CXX_LANGUAGE_STANDARD = "gnu++14";
				CLANG_CXX_LIBRARY = "libc++";
				CLANG_ENABLE_MODULES = YES;
				CLANG_ENABLE_OBJC_ARC = YES;
				CLANG_ENABLE_OBJC_WEAK = YES;
				CLANG_WARN_BLOCK_CAPTURE_AUTORELEASING = YES;
				CLANG_WARN_BOOL_CONVERSION = YES;
				CLANG_WARN_COMMA = YES;
				CLANG_WARN_CONSTANT_CONVERSION = YES;
				CLANG_WARN_DEPRECATED_OBJC_IMPLEMENTATIONS = YES;
				CLANG_WARN_DIRECT_OBJC_ISA_USAGE = YES_ERROR;
				CLANG_WARN_DOCUMENTATION_COMMENTS = YES;
				CLANG_WARN_EMPTY_BODY = YES;
				CLANG_WARN_ENUM_CONVERSION = YES;
				CLANG_WARN_INFINITE_RECURSION = YES;
				CLANG_WARN_INT_CONVERSION = YES;
				CLANG_WARN_NON_LITERAL_NULL_CONVERSION = YES;
				CLANG_WARN_OBJC_IMPLICIT_RETAIN_SELF = YES;
				CLANG_WARN_OBJC_LITERAL_CONVERSION = YES;
				CLANG_WARN_OBJC_ROOT_CLASS = YES_ERROR;
				CLANG_WARN_RANGE_LOOP_ANALYSIS = YES;
				CLANG_WARN_STRICT_PROTOTYPES = YES;
				CLANG_WARN_SUSPICIOUS_MOVE = YES;
				CLANG_WARN_UNGUARDED_AVAILABILITY = YES_AGGRESSIVE;
				CLANG_WARN_UNREACHABLE_CODE = YES;
				CLANG_WARN__DUPLICATE_METHOD_MATCH = YES;
				COPY_PHASE_STRIP = NO;
				DEBUG_INFORMATION_FORMAT = "dwarf-with-dsym";
				ENABLE_NS_ASSERTIONS = NO;
				ENABLE_STRICT_OBJC_MSGSEND = YES;
				GCC_C_LANGUAGE_STANDARD = gnu11;
				GCC_NO_COMMON_BLOCKS = YES;
				GCC_WARN_64_TO_32_BIT_CONVERSION = YES;
				GCC_WARN_ABOUT_RETURN_TYPE = YES_ERROR;
				GCC_WARN_UNDECLARED_SELECTOR = YES;
				GCC_WARN_UNINITIALIZED_AUTOS = YES_AGGRESSIVE;
				GCC_WARN_UNUSED_FUNCTION = YES;
				GCC_WARN_UNUSED_VARIABLE = YES;
				IPHONEOS_DEPLOYMENT_TARGET = 13.4;
				MTL_ENABLE_DEBUG_INFO = NO;
				MTL_FAST_MATH = YES;
				SDKROOT = iphoneos;
				SWIFT_COMPILATION_MODE = wholemodule;
				SWIFT_OPTIMIZATION_LEVEL = "-O";
				VALIDATE_PRODUCT = YES;
			};
			name = Release;
		};
		C047557F2440526F00665E0C /* Debug */ = {
			isa = XCBuildConfiguration;
			baseConfigurationReference = 0C1D835333D41F6AE6A028CF /* Pods-SwiftProject.debug.xcconfig */;
			buildSettings = {
				ASSETCATALOG_COMPILER_APPICON_NAME = AppIcon;
				CLANG_ENABLE_MODULES = YES;
				CODE_SIGN_STYLE = Automatic;
				INFOPLIST_FILE = SwiftProject/Info.plist;
				LD_RUNPATH_SEARCH_PATHS = (
					"$(inherited)",
					"@executable_path/Frameworks",
				);
				PRODUCT_BUNDLE_IDENTIFIER = "Dxc-iOS.SwiftProject";
				PRODUCT_NAME = "$(TARGET_NAME)";
				SWIFT_OBJC_BRIDGING_HEADER = "SwiftProject/SwiftProject-Bridging-Header.h";
				SWIFT_OPTIMIZATION_LEVEL = "-Onone";
				SWIFT_VERSION = 5.0;
				TARGETED_DEVICE_FAMILY = "1,2";
			};
			name = Debug;
		};
		C04755802440526F00665E0C /* Release */ = {
			isa = XCBuildConfiguration;
			baseConfigurationReference = A2431F2B2D868A81BC13D281 /* Pods-SwiftProject.release.xcconfig */;
			buildSettings = {
				ASSETCATALOG_COMPILER_APPICON_NAME = AppIcon;
				CLANG_ENABLE_MODULES = YES;
				CODE_SIGN_STYLE = Automatic;
				INFOPLIST_FILE = SwiftProject/Info.plist;
				LD_RUNPATH_SEARCH_PATHS = (
					"$(inherited)",
					"@executable_path/Frameworks",
				);
				PRODUCT_BUNDLE_IDENTIFIER = "Dxc-iOS.SwiftProject";
				PRODUCT_NAME = "$(TARGET_NAME)";
				SWIFT_OBJC_BRIDGING_HEADER = "SwiftProject/SwiftProject-Bridging-Header.h";
				SWIFT_VERSION = 5.0;
				TARGETED_DEVICE_FAMILY = "1,2";
			};
			name = Release;
		};
		C04755822440526F00665E0C /* Debug */ = {
			isa = XCBuildConfiguration;
			baseConfigurationReference = 209989D6438A38D0671398D6 /* Pods-SwiftProjectTests.debug.xcconfig */;
			buildSettings = {
				ALWAYS_EMBED_SWIFT_STANDARD_LIBRARIES = YES;
				BUNDLE_LOADER = "$(TEST_HOST)";
				CODE_SIGN_STYLE = Automatic;
				INFOPLIST_FILE = SwiftProjectTests/Info.plist;
				IPHONEOS_DEPLOYMENT_TARGET = 13.4;
				LD_RUNPATH_SEARCH_PATHS = (
					"$(inherited)",
					"@executable_path/Frameworks",
					"@loader_path/Frameworks",
				);
				PRODUCT_BUNDLE_IDENTIFIER = "Dxc-iOS.SwiftProjectTests";
				PRODUCT_NAME = "$(TARGET_NAME)";
				SWIFT_VERSION = 5.0;
				TARGETED_DEVICE_FAMILY = "1,2";
				TEST_HOST = "$(BUILT_PRODUCTS_DIR)/SwiftProject.app/SwiftProject";
			};
			name = Debug;
		};
		C04755832440526F00665E0C /* Release */ = {
			isa = XCBuildConfiguration;
			baseConfigurationReference = EBAC04A7DAF1FE2614A2C31E /* Pods-SwiftProjectTests.release.xcconfig */;
			buildSettings = {
				ALWAYS_EMBED_SWIFT_STANDARD_LIBRARIES = YES;
				BUNDLE_LOADER = "$(TEST_HOST)";
				CODE_SIGN_STYLE = Automatic;
				INFOPLIST_FILE = SwiftProjectTests/Info.plist;
				IPHONEOS_DEPLOYMENT_TARGET = 13.4;
				LD_RUNPATH_SEARCH_PATHS = (
					"$(inherited)",
					"@executable_path/Frameworks",
					"@loader_path/Frameworks",
				);
				PRODUCT_BUNDLE_IDENTIFIER = "Dxc-iOS.SwiftProjectTests";
				PRODUCT_NAME = "$(TARGET_NAME)";
				SWIFT_VERSION = 5.0;
				TARGETED_DEVICE_FAMILY = "1,2";
				TEST_HOST = "$(BUILT_PRODUCTS_DIR)/SwiftProject.app/SwiftProject";
			};
			name = Release;
		};
		C04755852440526F00665E0C /* Debug */ = {
			isa = XCBuildConfiguration;
			baseConfigurationReference = 7B02D1D6DC02271F981B59E6 /* Pods-SwiftProject-SwiftProjectUITests.debug.xcconfig */;
			buildSettings = {
				ALWAYS_EMBED_SWIFT_STANDARD_LIBRARIES = YES;
				CODE_SIGN_STYLE = Automatic;
				INFOPLIST_FILE = SwiftProjectUITests/Info.plist;
				LD_RUNPATH_SEARCH_PATHS = (
					"$(inherited)",
					"@executable_path/Frameworks",
					"@loader_path/Frameworks",
				);
				PRODUCT_BUNDLE_IDENTIFIER = "Dxc-iOS.SwiftProjectUITests";
				PRODUCT_NAME = "$(TARGET_NAME)";
				SWIFT_VERSION = 5.0;
				TARGETED_DEVICE_FAMILY = "1,2";
				TEST_TARGET_NAME = SwiftProject;
			};
			name = Debug;
		};
		C04755862440526F00665E0C /* Release */ = {
			isa = XCBuildConfiguration;
			baseConfigurationReference = E7FFB2CE5874B5EDE7E34039 /* Pods-SwiftProject-SwiftProjectUITests.release.xcconfig */;
			buildSettings = {
				ALWAYS_EMBED_SWIFT_STANDARD_LIBRARIES = YES;
				CODE_SIGN_STYLE = Automatic;
				INFOPLIST_FILE = SwiftProjectUITests/Info.plist;
				LD_RUNPATH_SEARCH_PATHS = (
					"$(inherited)",
					"@executable_path/Frameworks",
					"@loader_path/Frameworks",
				);
				PRODUCT_BUNDLE_IDENTIFIER = "Dxc-iOS.SwiftProjectUITests";
				PRODUCT_NAME = "$(TARGET_NAME)";
				SWIFT_VERSION = 5.0;
				TARGETED_DEVICE_FAMILY = "1,2";
				TEST_TARGET_NAME = SwiftProject;
			};
			name = Release;
		};
/* End XCBuildConfiguration section */

/* Begin XCConfigurationList section */
		C047554F2440526C00665E0C /* Build configuration list for PBXProject "SwiftProject" */ = {
			isa = XCConfigurationList;
			buildConfigurations = (
				C047557C2440526F00665E0C /* Debug */,
				C047557D2440526F00665E0C /* Release */,
			);
			defaultConfigurationIsVisible = 0;
			defaultConfigurationName = Release;
		};
		C047557E2440526F00665E0C /* Build configuration list for PBXNativeTarget "SwiftProject" */ = {
			isa = XCConfigurationList;
			buildConfigurations = (
				C047557F2440526F00665E0C /* Debug */,
				C04755802440526F00665E0C /* Release */,
			);
			defaultConfigurationIsVisible = 0;
			defaultConfigurationName = Release;
		};
		C04755812440526F00665E0C /* Build configuration list for PBXNativeTarget "SwiftProjectTests" */ = {
			isa = XCConfigurationList;
			buildConfigurations = (
				C04755822440526F00665E0C /* Debug */,
				C04755832440526F00665E0C /* Release */,
			);
			defaultConfigurationIsVisible = 0;
			defaultConfigurationName = Release;
		};
		C04755842440526F00665E0C /* Build configuration list for PBXNativeTarget "SwiftProjectUITests" */ = {
			isa = XCConfigurationList;
			buildConfigurations = (
				C04755852440526F00665E0C /* Debug */,
				C04755862440526F00665E0C /* Release */,
			);
			defaultConfigurationIsVisible = 0;
			defaultConfigurationName = Release;
		};
/* End XCConfigurationList section */
	};
	rootObject = C047554C2440526C00665E0C /* Project object */;
}
